version = 1
requires-python = "==3.8.20"

[[package]]
name = "ariadne"
version = "0.13.0"
source = { registry = "https://pypi.org/simple" }
dependencies = [
    { name = "graphql-core" },
    { name = "starlette" },
    { name = "typing-extensions" },
]
sdist = { url = "https://files.pythonhosted.org/packages/84/ea/0bb669650a0193db886535598db5412959934a4a05167250ff9b75775842/ariadne-0.13.0.tar.gz", hash = "sha256:e00abd7eb5869b59a638f1e3a7743445bf387236048cf1b0eb9d7c506dcd37c5", size = 38778 }
wheels = [
    { url = "https://files.pythonhosted.org/packages/01/cb/21a3da1d78187167f12b39c6eca3758594c3092f6b60d06fd11bc3a0e5cc/ariadne-0.13.0-py3-none-any.whl", hash = "sha256:56bc3609a0512920f06e9312f8ea6db3c8e4a7cd77f31fbed388f5dba6d589c0", size = 52006 },
]

[[package]]
name = "astroid"
version = "2.5"
source = { registry = "https://pypi.org/simple" }
dependencies = [
    { name = "lazy-object-proxy" },
    { name = "wrapt" },
]
sdist = { url = "https://files.pythonhosted.org/packages/18/00/753b485627d9cd642516c195db63dcc0c87c36b8c682125c000b7f611b09/astroid-2.5.tar.gz", hash = "sha256:b31c92f545517dcc452f284bc9c044050862fbe6d93d2b3de4a215a6b384bf0d", size = 304788 }
wheels = [
    { url = "https://files.pythonhosted.org/packages/ff/f0/2364d469327ffef8ee1964a5995f8206fd22fcfa57f2618498f8b963329f/astroid-2.5-py3-none-any.whl", hash = "sha256:87ae7f2398b8a0ae5638ddecf9987f081b756e0e9fc071aeebdca525671fc4dc", size = 220285 },
]

[[package]]
name = "atomicwrites"
version = "1.4.1"
source = { registry = "https://pypi.org/simple" }
sdist = { url = "https://files.pythonhosted.org/packages/87/c6/53da25344e3e3a9c01095a89f16dbcda021c609ddb42dd6d7c0528236fb2/atomicwrites-1.4.1.tar.gz", hash = "sha256:81b2c9071a49367a7f770170e5eec8cb66567cfbbc8c73d20ce5ca4a8d71cf11", size = 14227 }

[[package]]
name = "attrs"
version = "25.1.0"
source = { registry = "https://pypi.org/simple" }
sdist = { url = "https://files.pythonhosted.org/packages/49/7c/fdf464bcc51d23881d110abd74b512a42b3d5d376a55a831b44c603ae17f/attrs-25.1.0.tar.gz", hash = "sha256:1c97078a80c814273a76b2a298a932eb681c87415c11dee0a6921de7f1b02c3e", size = 810562 }
wheels = [
    { url = "https://files.pythonhosted.org/packages/fc/30/d4986a882011f9df997a55e6becd864812ccfcd821d64aac8570ee39f719/attrs-25.1.0-py3-none-any.whl", hash = "sha256:c75a69e28a550a7e93789579c22aa26b0f5b83b75dc4e08fe092980051e1090a", size = 63152 },
]

[[package]]
name = "autopep8"
version = "1.5.4"
source = { registry = "https://pypi.org/simple" }
dependencies = [
    { name = "pycodestyle" },
    { name = "toml" },
]
sdist = { url = "https://files.pythonhosted.org/packages/94/37/19bc53fd63fc1caaa15ddb695e32a5d6f6463b3de6b0922ba2a3cbb798c8/autopep8-1.5.4.tar.gz", hash = "sha256:d21d3901cb0da6ebd1e83fc9b0dfbde8b46afc2ede4fe32fbda0c7c6118ca094", size = 121471 }

[[package]]
name = "click"
version = "7.1.2"
source = { registry = "https://pypi.org/simple" }
sdist = { url = "https://files.pythonhosted.org/packages/27/6f/be940c8b1f1d69daceeb0032fee6c34d7bd70e3e649ccac0951500b4720e/click-7.1.2.tar.gz", hash = "sha256:d2b5255c7c6349bc1bd1e59e08cd12acbbd63ce649f2588755783aa94dfb6b1a", size = 297279 }
wheels = [
    { url = "https://files.pythonhosted.org/packages/d2/3d/fa76db83bf75c4f8d338c2fd15c8d33fdd7ad23a9b5e57eb6c5de26b430e/click-7.1.2-py2.py3-none-any.whl", hash = "sha256:dacca89f4bfadd5de3d7489b7c8a566eee0d3676333fbb50030263894c38c0dc", size = 82780 },
]

[[package]]
name = "colorama"
version = "0.4.6"
source = { registry = "https://pypi.org/simple" }
sdist = { url = "https://files.pythonhosted.org/packages/d8/53/6f443c9a4a8358a93a6792e2acffb9d9d5cb0a5cfd8802644b7b1c9a02e4/colorama-0.4.6.tar.gz", hash = "sha256:08695f5cb7ed6e0531a20572697297273c47b8cae5a63ffc6d6ed5c201be6e44", size = 27697 }
wheels = [
    { url = "https://files.pythonhosted.org/packages/d1/d6/3965ed04c63042e047cb6a3e6ed1a63a35087b6a609aa3a15ed8ac56c221/colorama-0.4.6-py2.py3-none-any.whl", hash = "sha256:4f1d9991f5acc0ca119f9d443620b77f9d6b33703e51011c16baf57afb285fc6", size = 25335 },
]

[[package]]
name = "coverage"
version = "7.6.1"
source = { registry = "https://pypi.org/simple" }
sdist = { url = "https://files.pythonhosted.org/packages/f7/08/7e37f82e4d1aead42a7443ff06a1e406aabf7302c4f00a546e4b320b994c/coverage-7.6.1.tar.gz", hash = "sha256:953510dfb7b12ab69d20135a0662397f077c59b1e6379a768e97c59d852ee51d", size = 798791 }
wheels = [
    { url = "https://files.pythonhosted.org/packages/81/d0/d9e3d554e38beea5a2e22178ddb16587dbcbe9a1ef3211f55733924bf7fa/coverage-7.6.1-cp38-cp38-macosx_10_9_x86_64.whl", hash = "sha256:6db04803b6c7291985a761004e9060b2bca08da6d04f26a7f2294b8623a0c1a0", size = 206674 },
    { url = "https://files.pythonhosted.org/packages/38/ea/cab2dc248d9f45b2b7f9f1f596a4d75a435cb364437c61b51d2eb33ceb0e/coverage-7.6.1-cp38-cp38-macosx_11_0_arm64.whl", hash = "sha256:f1adfc8ac319e1a348af294106bc6a8458a0f1633cc62a1446aebc30c5fa186a", size = 207101 },
    { url = "https://files.pythonhosted.org/packages/ca/6f/f82f9a500c7c5722368978a5390c418d2a4d083ef955309a8748ecaa8920/coverage-7.6.1-cp38-cp38-manylinux_2_17_aarch64.manylinux2014_aarch64.whl", hash = "sha256:a95324a9de9650a729239daea117df21f4b9868ce32e63f8b650ebe6cef5595b", size = 236554 },
    { url = "https://files.pythonhosted.org/packages/a6/94/d3055aa33d4e7e733d8fa309d9adf147b4b06a82c1346366fc15a2b1d5fa/coverage-7.6.1-cp38-cp38-manylinux_2_5_i686.manylinux1_i686.manylinux_2_17_i686.manylinux2014_i686.whl", hash = "sha256:b43c03669dc4618ec25270b06ecd3ee4fa94c7f9b3c14bae6571ca00ef98b0d3", size = 234440 },
    { url = "https://files.pythonhosted.org/packages/e4/6e/885bcd787d9dd674de4a7d8ec83faf729534c63d05d51d45d4fa168f7102/coverage-7.6.1-cp38-cp38-manylinux_2_5_x86_64.manylinux1_x86_64.manylinux_2_17_x86_64.manylinux2014_x86_64.whl", hash = "sha256:8929543a7192c13d177b770008bc4e8119f2e1f881d563fc6b6305d2d0ebe9de", size = 235889 },
    { url = "https://files.pythonhosted.org/packages/f4/63/df50120a7744492710854860783d6819ff23e482dee15462c9a833cc428a/coverage-7.6.1-cp38-cp38-musllinux_1_2_aarch64.whl", hash = "sha256:a09ece4a69cf399510c8ab25e0950d9cf2b42f7b3cb0374f95d2e2ff594478a6", size = 235142 },
    { url = "https://files.pythonhosted.org/packages/3a/5d/9d0acfcded2b3e9ce1c7923ca52ccc00c78a74e112fc2aee661125b7843b/coverage-7.6.1-cp38-cp38-musllinux_1_2_i686.whl", hash = "sha256:9054a0754de38d9dbd01a46621636689124d666bad1936d76c0341f7d71bf569", size = 233805 },
    { url = "https://files.pythonhosted.org/packages/c4/56/50abf070cb3cd9b1dd32f2c88f083aab561ecbffbcd783275cb51c17f11d/coverage-7.6.1-cp38-cp38-musllinux_1_2_x86_64.whl", hash = "sha256:0dbde0f4aa9a16fa4d754356a8f2e36296ff4d83994b2c9d8398aa32f222f989", size = 234655 },
    { url = "https://files.pythonhosted.org/packages/25/ee/b4c246048b8485f85a2426ef4abab88e48c6e80c74e964bea5cd4cd4b115/coverage-7.6.1-cp38-cp38-win32.whl", hash = "sha256:da511e6ad4f7323ee5702e6633085fb76c2f893aaf8ce4c51a0ba4fc07580ea7", size = 209296 },
    { url = "https://files.pythonhosted.org/packages/5c/1c/96cf86b70b69ea2b12924cdf7cabb8ad10e6130eab8d767a1099fbd2a44f/coverage-7.6.1-cp38-cp38-win_amd64.whl", hash = "sha256:3f1156e3e8f2872197af3840d8ad307a9dd18e615dc64d9ee41696f287c57ad8", size = 210137 },
    { url = "https://files.pythonhosted.org/packages/a5/2b/0354ed096bca64dc8e32a7cbcae28b34cb5ad0b1fe2125d6d99583313ac0/coverage-7.6.1-pp38.pp39.pp310-none-any.whl", hash = "sha256:e9a6e0eb86070e8ccaedfbd9d38fec54864f3125ab95419970575b42af7541df", size = 198926 },
]

[[package]]
name = "execnet"
version = "2.1.1"
source = { registry = "https://pypi.org/simple" }
sdist = { url = "https://files.pythonhosted.org/packages/bb/ff/b4c0dc78fbe20c3e59c0c7334de0c27eb4001a2b2017999af398bf730817/execnet-2.1.1.tar.gz", hash = "sha256:5189b52c6121c24feae288166ab41b32549c7e2348652736540b9e6e7d4e72e3", size = 166524 }
wheels = [
    { url = "https://files.pythonhosted.org/packages/43/09/2aea36ff60d16dd8879bdb2f5b3ee0ba8d08cbbdcdfe870e695ce3784385/execnet-2.1.1-py3-none-any.whl", hash = "sha256:26dee51f1b80cebd6d0ca8e74dd8745419761d3bef34163928cbebbdc4749fdc", size = 40612 },
]

[[package]]
name = "flask"
version = "1.1.2"
source = { registry = "https://pypi.org/simple" }
dependencies = [
    { name = "click" },
    { name = "itsdangerous" },
    { name = "jinja2" },
    { name = "werkzeug" },
]
sdist = { url = "https://files.pythonhosted.org/packages/4e/0b/cb02268c90e67545a0e3a37ea1ca3d45de3aca43ceb7dbf1712fb5127d5d/Flask-1.1.2.tar.gz", hash = "sha256:4efa1ae2d7c9865af48986de8aeb8504bf32c7f3d6fdc9353d34b21f4b127060", size = 637516 }
wheels = [
    { url = "https://files.pythonhosted.org/packages/f2/28/2a03252dfb9ebf377f40fba6a7841b47083260bf8bd8e737b0c6952df83f/Flask-1.1.2-py2.py3-none-any.whl", hash = "sha256:8a4fdd8936eba2512e9c85df320a37e694c93945b33ef33c89946a340a238557", size = 94570 },
]

[[package]]
name = "flask-sqlalchemy"
version = "2.4.3"
source = { registry = "https://pypi.org/simple" }
dependencies = [
    { name = "flask" },
    { name = "sqlalchemy" },
]
sdist = { url = "https://files.pythonhosted.org/packages/e8/9c/8d1e1b83ef82f42d196e9e16edad770920de694b70ee0f042ee3c60c4590/Flask-SQLAlchemy-2.4.3.tar.gz", hash = "sha256:0b656fbf87c5f24109d859bafa791d29751fabbda2302b606881ae5485b557a5", size = 132134 }
wheels = [
    { url = "https://files.pythonhosted.org/packages/a6/b1/9da1c3c5417612b2fc4d25d55a225199c633d6492dac215b11b9021e6a8d/Flask_SQLAlchemy-2.4.3-py2.py3-none-any.whl", hash = "sha256:fcfe6df52cd2ed8a63008ca36b86a51fa7a4b70cef1c39e5625f722fca32308e", size = 17362 },
]

[[package]]
name = "graphql-core"
version = "3.1.0"
source = { registry = "https://pypi.org/simple" }
sdist = { url = "https://files.pythonhosted.org/packages/5a/ca/08898bbb236d5900fd781db767693eaeaf95cf6110c18a79dce64cb2bd9d/graphql-core-3.1.0.tar.gz", hash = "sha256:d43cf1f149772c7014656d4bc4c512278a16722e80e4be2daf99894ffef871db", size = 481719 }
wheels = [
    { url = "https://files.pythonhosted.org/packages/4d/df/4a4db43822c1176f30cf8a257818cd7b1b5eec469be045db86f5e01cef19/graphql_core-3.1.0-py3-none-any.whl", hash = "sha256:b654666330c46d6a98405a542e9fde0a499916428cbc11da51eb82be37ef1e05", size = 180481 },
]

[[package]]
name = "iatlas-api"
version = "0.1.0"
source = { editable = "." }
dependencies = [
    { name = "ariadne" },
    { name = "click" },
    { name = "flask" },
    { name = "flask-sqlalchemy" },
    { name = "graphql-core" },
    { name = "itsdangerous" },
    { name = "jinja2" },
    { name = "markupsafe" },
    { name = "psycopg2-binary" },
    { name = "sqlalchemy" },
    { name = "starlette" },
    { name = "typing-extensions" },
    { name = "werkzeug" },
]

[package.dev-dependencies]
dev = [
    { name = "autopep8" },
    { name = "pylint" },
    { name = "pylint-flask-sqlalchemy" },
    { name = "pytest" },
    { name = "pytest-cov" },
    { name = "pytest-flask-sqlalchemy" },
    { name = "pytest-xdist" },
    { name = "snakeviz" },
]
prod = [
    { name = "uwsgi" },
]

[package.metadata]
requires-dist = [
    { name = "ariadne", specifier = "==0.13.0" },
    { name = "click", specifier = "==7.1.2" },
    { name = "flask", specifier = "==1.1.2" },
    { name = "flask-sqlalchemy", specifier = "==2.4.3" },
    { name = "graphql-core", specifier = "==3.1.0" },
    { name = "itsdangerous", specifier = "==1.1.0" },
    { name = "jinja2", specifier = "==2.11.2" },
    { name = "markupsafe", specifier = "==1.1.1" },
    { name = "psycopg2-binary", specifier = "==2.8.5" },
    { name = "sqlalchemy", specifier = "==1.3.17" },
    { name = "starlette", specifier = "==0.13.4" },
    { name = "typing-extensions", specifier = "==3.7.4.2" },
    { name = "werkzeug", specifier = "==1.0.1" },
]

[package.metadata.requires-dev]
dev = [
    { name = "autopep8", specifier = "==1.5.4" },
    { name = "pylint", specifier = "==2.6.0" },
    { name = "pylint-flask-sqlalchemy", specifier = "==0.2.0" },
    { name = "pytest", specifier = "==6.1.2" },
    { name = "pytest-cov", specifier = "==2.10.1" },
    { name = "pytest-flask-sqlalchemy", specifier = "==1.0.2" },
    { name = "pytest-xdist", specifier = "==2.1.0" },
    { name = "snakeviz", specifier = "==2.1.0" },
]
prod = [{ name = "uwsgi", specifier = "==2.0.28" }]
test = []

[[package]]
name = "iniconfig"
version = "2.0.0"
source = { registry = "https://pypi.org/simple" }
sdist = { url = "https://files.pythonhosted.org/packages/d7/4b/cbd8e699e64a6f16ca3a8220661b5f83792b3017d0f79807cb8708d33913/iniconfig-2.0.0.tar.gz", hash = "sha256:2d91e135bf72d31a410b17c16da610a82cb55f6b0477d1a902134b24a455b8b3", size = 4646 }
wheels = [
    { url = "https://files.pythonhosted.org/packages/ef/a6/62565a6e1cf69e10f5727360368e451d4b7f58beeac6173dc9db836a5b46/iniconfig-2.0.0-py3-none-any.whl", hash = "sha256:b6a85871a79d2e3b22d2d1b94ac2824226a63c6b741c88f7ae975f18b6778374", size = 5892 },
]

[[package]]
name = "isort"
version = "5.13.2"
source = { registry = "https://pypi.org/simple" }
sdist = { url = "https://files.pythonhosted.org/packages/87/f9/c1eb8635a24e87ade2efce21e3ce8cd6b8630bb685ddc9cdaca1349b2eb5/isort-5.13.2.tar.gz", hash = "sha256:48fdfcb9face5d58a4f6dde2e72a1fb8dcaf8ab26f95ab49fab84c2ddefb0109", size = 175303 }
wheels = [
    { url = "https://files.pythonhosted.org/packages/d1/b3/8def84f539e7d2289a02f0524b944b15d7c75dab7628bedf1c4f0992029c/isort-5.13.2-py3-none-any.whl", hash = "sha256:8ca5e72a8d85860d5a3fa69b8745237f2939afe12dbf656afbcb47fe72d947a6", size = 92310 },
]

[[package]]
name = "itsdangerous"
version = "1.1.0"
source = { registry = "https://pypi.org/simple" }
sdist = { url = "https://files.pythonhosted.org/packages/68/1a/f27de07a8a304ad5fa817bbe383d1238ac4396da447fa11ed937039fa04b/itsdangerous-1.1.0.tar.gz", hash = "sha256:321b033d07f2a4136d3ec762eac9f16a10ccd60f53c0c91af90217ace7ba1f19", size = 53219 }
wheels = [
    { url = "https://files.pythonhosted.org/packages/76/ae/44b03b253d6fade317f32c24d100b3b35c2239807046a4c953c7b89fa49e/itsdangerous-1.1.0-py2.py3-none-any.whl", hash = "sha256:b12271b2047cb23eeb98c8b5622e2e5c5e9abd9784a153e9d8ef9cb4dd09d749", size = 16743 },
]

[[package]]
name = "jinja2"
version = "2.11.2"
source = { registry = "https://pypi.org/simple" }
dependencies = [
    { name = "markupsafe" },
]
sdist = { url = "https://files.pythonhosted.org/packages/64/a7/45e11eebf2f15bf987c3bc11d37dcc838d9dc81250e67e4c5968f6008b6c/Jinja2-2.11.2.tar.gz", hash = "sha256:89aab215427ef59c34ad58735269eb58b1a5808103067f7bb9d5836c651b3bb0", size = 257594 }
wheels = [
    { url = "https://files.pythonhosted.org/packages/30/9e/f663a2aa66a09d838042ae1a2c5659828bb9b41ea3a6efa20a20fd92b121/Jinja2-2.11.2-py2.py3-none-any.whl", hash = "sha256:f0a4641d3cf955324a89c04f3d94663aa4d638abe8f733ecd3582848e1c37035", size = 125774 },
]

[[package]]
name = "lazy-object-proxy"
version = "1.10.0"
source = { registry = "https://pypi.org/simple" }
sdist = { url = "https://files.pythonhosted.org/packages/2c/f0/f02e2d150d581a294efded4020094a371bbab42423fe78625ac18854d89b/lazy-object-proxy-1.10.0.tar.gz", hash = "sha256:78247b6d45f43a52ef35c25b5581459e85117225408a4128a3daf8bf9648ac69", size = 43271 }
wheels = [
    { url = "https://files.pythonhosted.org/packages/be/11/23bcc3a85c9df7326d332b29172eaa088a3ebecb2674f257de2599e36aeb/lazy_object_proxy-1.10.0-cp38-cp38-macosx_10_9_x86_64.whl", hash = "sha256:9e4ed0518a14dd26092614412936920ad081a424bdcb54cc13349a8e2c6d106a", size = 27427 },
    { url = "https://files.pythonhosted.org/packages/77/18/b78391424f3e35147b0e4d280dda0320c29ee9930b908e42fbe7920b2492/lazy_object_proxy-1.10.0-cp38-cp38-manylinux_2_17_aarch64.manylinux2014_aarch64.whl", hash = "sha256:5ad9e6ed739285919aa9661a5bbed0aaf410aa60231373c5579c6b4801bd883c", size = 66346 },
    { url = "https://files.pythonhosted.org/packages/b8/75/4669e1a7e7150e81ac27acc602ae61a37b4cc950c1ed3bd13b8d518bc026/lazy_object_proxy-1.10.0-cp38-cp38-manylinux_2_5_x86_64.manylinux1_x86_64.manylinux_2_17_x86_64.manylinux2014_x86_64.whl", hash = "sha256:2fc0a92c02fa1ca1e84fc60fa258458e5bf89d90a1ddaeb8ed9cc3147f417255", size = 66369 },
    { url = "https://files.pythonhosted.org/packages/c8/a2/c99adb712e6ec8387d608c73d5b7a4a459c1c7813f38ee869f605bdc3f38/lazy_object_proxy-1.10.0-cp38-cp38-musllinux_1_1_aarch64.whl", hash = "sha256:0aefc7591920bbd360d57ea03c995cebc204b424524a5bd78406f6e1b8b2a5d8", size = 69713 },
    { url = "https://files.pythonhosted.org/packages/f0/84/efe5dfb7c456bd3baa134dc2a4d7c891e7ce15a14c642cbfbcf50ff038ed/lazy_object_proxy-1.10.0-cp38-cp38-musllinux_1_1_x86_64.whl", hash = "sha256:5faf03a7d8942bb4476e3b62fd0f4cf94eaf4618e304a19865abf89a35c0bbee", size = 70065 },
    { url = "https://files.pythonhosted.org/packages/36/15/f629f8aea93991a7e4700ef2601e5e4ed3fd0bcd106e3dc69c4ab12ffb98/lazy_object_proxy-1.10.0-cp38-cp38-win32.whl", hash = "sha256:e333e2324307a7b5d86adfa835bb500ee70bfcd1447384a822e96495796b0ca4", size = 25773 },
    { url = "https://files.pythonhosted.org/packages/2b/ac/1ce4d58a508a74e4c6aa1e954e77be60720f5717c01b7b34f91ee6015837/lazy_object_proxy-1.10.0-cp38-cp38-win_amd64.whl", hash = "sha256:cb73507defd385b7705c599a94474b1d5222a508e502553ef94114a143ec6696", size = 27536 },
    { url = "https://files.pythonhosted.org/packages/31/8b/94dc8d58704ab87b39faed6f2fc0090b9d90e2e2aa2bbec35c79f3d2a054/lazy_object_proxy-1.10.0-pp310.pp311.pp312.pp38.pp39-none-any.whl", hash = "sha256:80fa48bd89c8f2f456fc0765c11c23bf5af827febacd2f523ca5bc1893fcc09d", size = 16405 },
]

[[package]]
name = "markupsafe"
version = "1.1.1"
source = { registry = "https://pypi.org/simple" }
sdist = { url = "https://files.pythonhosted.org/packages/b9/2e/64db92e53b86efccfaea71321f597fa2e1b2bd3853d8ce658568f7a13094/MarkupSafe-1.1.1.tar.gz", hash = "sha256:29872e92839765e546828bb7754a68c418d927cd064fd4708fab9fe9c8bb116b", size = 19151 }
wheels = [
    { url = "https://files.pythonhosted.org/packages/0c/12/37f68957526d1ec0883b521934b4e1b8ff3dd8e4fab858a5bf3e487bcee9/MarkupSafe-1.1.1-cp38-cp38-macosx_10_9_x86_64.whl", hash = "sha256:6788b695d50a51edb699cb55e35487e430fa21f1ed838122d722e0ff0ac5ba15", size = 16432 },
    { url = "https://files.pythonhosted.org/packages/51/3c/82b35d63a8e9fe1e7d4078c43a0a8fc631cc4ac9d2beff86c74af0cdb2d9/MarkupSafe-1.1.1-cp38-cp38-manylinux1_i686.whl", hash = "sha256:cdb132fc825c38e1aeec2c8aa9338310d29d337bebbd7baa06889d09a60a1fa2", size = 31441 },
    { url = "https://files.pythonhosted.org/packages/4b/20/f6d7648c81cb84815d0be935d5c74cd1cc0239e43eadb1a61062d34b6543/MarkupSafe-1.1.1-cp38-cp38-manylinux1_x86_64.whl", hash = "sha256:13d3144e1e340870b25e7b10b98d779608c02016d5184cfb9927a9f10c689f42", size = 32690 },
    { url = "https://files.pythonhosted.org/packages/b7/d5/9d36bdf18173408ce6b16bcc625e4019abf1dd4b52fa66163e231f5b7c98/MarkupSafe-1.1.1-cp38-cp38-manylinux2010_i686.whl", hash = "sha256:acf08ac40292838b3cbbb06cfe9b2cb9ec78fce8baca31ddb87aaac2e2dc3bc2", size = 32347 },
    { url = "https://files.pythonhosted.org/packages/80/16/98afa5c19296aaf7b16d1eb3c7e997656e6cfad79606e7d3885905615e96/MarkupSafe-1.1.1-cp38-cp38-manylinux2010_x86_64.whl", hash = "sha256:d9be0ba6c527163cbed5e0857c451fcd092ce83947944d6c14bc95441203f032", size = 32596 },
    { url = "https://files.pythonhosted.org/packages/83/66/ec77a7000486d4d6acb599993b58dc4c97d510e3f2c37b81d31fb7632c4f/MarkupSafe-1.1.1-cp38-cp38-manylinux2014_aarch64.whl", hash = "sha256:caabedc8323f1e93231b52fc32bdcde6db817623d33e100708d9a68e1f53b26b", size = 33901 },
    { url = "https://files.pythonhosted.org/packages/93/b8/95b1c38f5b00ed2c0d16cf65f2b07a5ae73eeacf66d2010c0e934737d1d9/MarkupSafe-1.1.1-cp38-cp38-win32.whl", hash = "sha256:596510de112c685489095da617b5bcbbac7dd6384aeebeda4df6025d0256a81b", size = 16229 },
    { url = "https://files.pythonhosted.org/packages/4f/8b/da8a2ae5780d38271ac6e691756fc938cf4df8f225eb8aaced0204304932/MarkupSafe-1.1.1-cp38-cp38-win_amd64.whl", hash = "sha256:e8313f01ba26fbbe36c7be1966a7b7424942f670f38e666995b88d012765b9be", size = 16800 },
]

[[package]]
name = "mccabe"
version = "0.6.1"
source = { registry = "https://pypi.org/simple" }
sdist = { url = "https://files.pythonhosted.org/packages/06/18/fa675aa501e11d6d6ca0ae73a101b2f3571a565e0f7d38e062eec18a91ee/mccabe-0.6.1.tar.gz", hash = "sha256:dd8d182285a0fe56bace7f45b5e7d1a6ebcbf524e8f3bd87eb0f125271b8831f", size = 8612 }
wheels = [
    { url = "https://files.pythonhosted.org/packages/87/89/479dc97e18549e21354893e4ee4ef36db1d237534982482c3681ee6e7b57/mccabe-0.6.1-py2.py3-none-any.whl", hash = "sha256:ab8a6258860da4b6677da4bd2fe5dc2c659cff31b3ee4f7f5d64e79735b80d42", size = 8556 },
]

[[package]]
name = "packaging"
version = "24.2"
source = { registry = "https://pypi.org/simple" }
sdist = { url = "https://files.pythonhosted.org/packages/d0/63/68dbb6eb2de9cb10ee4c9c14a0148804425e13c4fb20d61cce69f53106da/packaging-24.2.tar.gz", hash = "sha256:c228a6dc5e932d346bc5739379109d49e8853dd8223571c7c5b55260edc0b97f", size = 163950 }
wheels = [
    { url = "https://files.pythonhosted.org/packages/88/ef/eb23f262cca3c0c4eb7ab1933c3b1f03d021f2c48f54763065b6f0e321be/packaging-24.2-py3-none-any.whl", hash = "sha256:09abb1bccd265c01f4a3aa3f7a7db064b36514d2cba19a2f694fe6150451a759", size = 65451 },
]

[[package]]
name = "pluggy"
version = "0.13.1"
source = { registry = "https://pypi.org/simple" }
sdist = { url = "https://files.pythonhosted.org/packages/f8/04/7a8542bed4b16a65c2714bf76cf5a0b026157da7f75e87cc88774aa10b14/pluggy-0.13.1.tar.gz", hash = "sha256:15b2acde666561e1298d71b523007ed7364de07029219b604cf808bfa1c765b0", size = 57962 }
wheels = [
    { url = "https://files.pythonhosted.org/packages/a0/28/85c7aa31b80d150b772fbe4a229487bc6644da9ccb7e427dd8cc60cb8a62/pluggy-0.13.1-py2.py3-none-any.whl", hash = "sha256:966c145cd83c96502c3c3868f50408687b38434af77734af1e9ca461a4081d2d", size = 18077 },
]

[[package]]
name = "psycopg2-binary"
version = "2.8.5"
source = { registry = "https://pypi.org/simple" }
sdist = { url = "https://files.pythonhosted.org/packages/97/00/ed4c82364741031d745867f83820d4f373aa891098a5785841850491c9ba/psycopg2-binary-2.8.5.tar.gz", hash = "sha256:ccdc6a87f32b491129ada4b87a43b1895cf2c20fdb7f98ad979647506ffc41b6", size = 381745 }
wheels = [
    { url = "https://files.pythonhosted.org/packages/95/0e/0bcebd80568ca83e6c5ae31948545fd5a41dd792541087f257d5a8b95212/psycopg2_binary-2.8.5-cp38-cp38-macosx_10_9_x86_64.macosx_10_9_intel.macosx_10_10_intel.macosx_10_10_x86_64.whl", hash = "sha256:07cf82c870ec2d2ce94d18e70c13323c89f2f2a2628cbf1feee700630be2519a", size = 1459953 },
    { url = "https://files.pythonhosted.org/packages/68/76/8a4511c568835a8b397f8a828167921519b6ad3e74ea8a5a07d435d4ecfd/psycopg2_binary-2.8.5-cp38-cp38-manylinux1_i686.whl", hash = "sha256:a69970ee896e21db4c57e398646af9edc71c003bc52a3cc77fb150240fefd266", size = 2883861 },
    { url = "https://files.pythonhosted.org/packages/ab/a8/ebd961de8bd750aa70d8a7e1073d1a2f860ec367ca3e20b2fb0886423fd2/psycopg2_binary-2.8.5-cp38-cp38-manylinux1_x86_64.whl", hash = "sha256:7036ccf715925251fac969f4da9ad37e4b7e211b1e920860148a10c0de963522", size = 2967071 },
    { url = "https://files.pythonhosted.org/packages/34/77/43e9497c302ceebacca86f081e57c4e5e44d39d70bd9eb8e41bef01c4ac4/psycopg2_binary-2.8.5-cp38-cp38-win32.whl", hash = "sha256:8f74e631b67482d504d7e9cf364071fc5d54c28e79a093ff402d5f8f81e23bfa", size = 986692 },
    { url = "https://files.pythonhosted.org/packages/ea/92/48db76bb49958750849cc403a36fd0c84e8d7b9c70d23bf1bbcf44f7175e/psycopg2_binary-2.8.5-cp38-cp38-win_amd64.whl", hash = "sha256:fa466306fcf6b39b8a61d003123d442b23707d635a5cb05ac4e1b62cc79105cd", size = 1130969 },
]

[[package]]
name = "py"
version = "1.11.0"
source = { registry = "https://pypi.org/simple" }
sdist = { url = "https://files.pythonhosted.org/packages/98/ff/fec109ceb715d2a6b4c4a85a61af3b40c723a961e8828319fbcb15b868dc/py-1.11.0.tar.gz", hash = "sha256:51c75c4126074b472f746a24399ad32f6053d1b34b68d2fa41e558e6f4a98719", size = 207796 }
wheels = [
    { url = "https://files.pythonhosted.org/packages/f6/f0/10642828a8dfb741e5f3fbaac830550a518a775c7fff6f04a007259b0548/py-1.11.0-py2.py3-none-any.whl", hash = "sha256:607c53218732647dff4acdfcd50cb62615cedf612e72d1724fb1a0cc6405b378", size = 98708 },
]

[[package]]
name = "pycodestyle"
version = "2.12.1"
source = { registry = "https://pypi.org/simple" }
sdist = { url = "https://files.pythonhosted.org/packages/43/aa/210b2c9aedd8c1cbeea31a50e42050ad56187754b34eb214c46709445801/pycodestyle-2.12.1.tar.gz", hash = "sha256:6838eae08bbce4f6accd5d5572075c63626a15ee3e6f842df996bf62f6d73521", size = 39232 }
wheels = [
    { url = "https://files.pythonhosted.org/packages/3a/d8/a211b3f85e99a0daa2ddec96c949cac6824bd305b040571b82a03dd62636/pycodestyle-2.12.1-py2.py3-none-any.whl", hash = "sha256:46f0fb92069a7c28ab7bb558f05bfc0110dac69a0cd23c61ea0040283a9d78b3", size = 31284 },
]

[[package]]
name = "pylint"
version = "2.6.0"
source = { registry = "https://pypi.org/simple" }
dependencies = [
    { name = "astroid" },
    { name = "colorama", marker = "sys_platform == 'win32'" },
    { name = "isort" },
    { name = "mccabe" },
    { name = "toml" },
]
sdist = { url = "https://files.pythonhosted.org/packages/24/4a/a07484119d23283de4d8db8176e85be3b20583eefc1cbfa8363b1414fbe2/pylint-2.6.0.tar.gz", hash = "sha256:bb4a908c9dadbc3aac18860550e870f58e1a02c9f2c204fdf5693d73be061210", size = 680289 }
wheels = [
    { url = "https://files.pythonhosted.org/packages/fb/13/519c1264a134beab2be4bac8dd3e64948980a5ca7833b31cf0255b21f20a/pylint-2.6.0-py3-none-any.whl", hash = "sha256:bfe68f020f8a0fece830a22dd4d5dddb4ecc6137db04face4c3420a46a52239f", size = 325711 },
]

[[package]]
name = "pylint-flask-sqlalchemy"
version = "0.2.0"
source = { registry = "https://pypi.org/simple" }
dependencies = [
    { name = "flask-sqlalchemy" },
    { name = "pylint" },
]
sdist = { url = "https://files.pythonhosted.org/packages/24/b9/a21c275e8859afc946559d9ff8358a95c2979e1e20733ff5a7b461e37024/pylint_flask_sqlalchemy-0.2.0.tar.gz", hash = "sha256:8ede5baba1a465d8ba39d8383ffcf0889d7a6afeff44bd24177fcf529ba8aa81", size = 3582 }
wheels = [
    { url = "https://files.pythonhosted.org/packages/9c/ff/0283bc8ee712a50c55d94f60d8470f74c62aeacb570eee4f674fe84560b8/pylint_flask_sqlalchemy-0.2.0-py3-none-any.whl", hash = "sha256:27f1fffb940adc9ac8f00ff7eb91ec39ca070c0f3bcec0d7f1c702a993d40505", size = 16662 },
]

[[package]]
name = "pytest"
version = "6.1.2"
source = { registry = "https://pypi.org/simple" }
dependencies = [
    { name = "atomicwrites", marker = "sys_platform == 'win32'" },
    { name = "attrs" },
    { name = "colorama", marker = "sys_platform == 'win32'" },
    { name = "iniconfig" },
    { name = "packaging" },
    { name = "pluggy" },
    { name = "py" },
    { name = "toml" },
]
sdist = { url = "https://files.pythonhosted.org/packages/d4/df/bd7c25c4fe809a17315b3fc9878edf48d31dde7b431b6836848b063c0428/pytest-6.1.2.tar.gz", hash = "sha256:c0a7e94a8cdbc5422a51ccdad8e6f1024795939cc89159a0ae7f0b316ad3823e", size = 1084943 }
wheels = [
    { url = "https://files.pythonhosted.org/packages/b1/ee/53945d50284906adb1e613fabf2e1b8b25926e8676854bb25b93564c0ce7/pytest-6.1.2-py3-none-any.whl", hash = "sha256:4288fed0d9153d9646bfcdf0c0428197dba1ecb27a33bb6e031d002fa88653fe", size = 272430 },
]

[[package]]
name = "pytest-cov"
version = "2.10.1"
source = { registry = "https://pypi.org/simple" }
dependencies = [
    { name = "coverage" },
    { name = "pytest" },
]
sdist = { url = "https://files.pythonhosted.org/packages/8f/d9/05d0d003613cf4cf86ce4505c93c149abd330d2519d1a031c1515e7924ec/pytest-cov-2.10.1.tar.gz", hash = "sha256:47bd0ce14056fdd79f93e1713f88fad7bdcc583dcd7783da86ef2f085a0bb88e", size = 56822 }
wheels = [
    { url = "https://files.pythonhosted.org/packages/e5/18/401594af67eda194a8b9167208621761927c937db7d60292608342bbac0a/pytest_cov-2.10.1-py2.py3-none-any.whl", hash = "sha256:45ec2d5182f89a81fc3eb29e3d1ed3113b9e9a873bcddb2a71faaab066110191", size = 19499 },
]

[[package]]
name = "pytest-flask-sqlalchemy"
version = "1.0.2"
source = { registry = "https://pypi.org/simple" }
dependencies = [
    { name = "flask-sqlalchemy" },
    { name = "packaging" },
    { name = "pytest" },
    { name = "pytest-mock" },
    { name = "sqlalchemy" },
]
sdist = { url = "https://files.pythonhosted.org/packages/a2/19/4c975be16c745db333d7bc7809e0bfb8f22b6ac0daf9880bba24a689029a/pytest-flask-sqlalchemy-1.0.2.tar.gz", hash = "sha256:34fa0f9a63c3892f54a8d11ab67f907c0e0911ac609e3cff5d518c3af6b897cd", size = 11413 }
wheels = [
    { url = "https://files.pythonhosted.org/packages/b2/bc/2c2c3249a1328fc22e7f2c5027f1316f49bf0428c37492b344c4d7c25b24/pytest_flask_sqlalchemy-1.0.2-py3-none-any.whl", hash = "sha256:19cad31d654c2301dd2dd70d06a62e5dc4ea380500f4b89bbcb3d59a475f0cf6", size = 11659 },
]

[[package]]
name = "pytest-forked"
version = "1.6.0"
source = { registry = "https://pypi.org/simple" }
dependencies = [
    { name = "py" },
    { name = "pytest" },
]
sdist = { url = "https://files.pythonhosted.org/packages/8c/c9/93ad2ba2413057ee694884b88cf7467a46c50c438977720aeac26e73fdb7/pytest-forked-1.6.0.tar.gz", hash = "sha256:4dafd46a9a600f65d822b8f605133ecf5b3e1941ebb3588e943b4e3eb71a5a3f", size = 9977 }
wheels = [
    { url = "https://files.pythonhosted.org/packages/f4/af/9c0bda43e486a3c9bf1e0f876d0f241bc3f229d7d65d09331a0868db9629/pytest_forked-1.6.0-py3-none-any.whl", hash = "sha256:810958f66a91afb1a1e2ae83089d8dc1cd2437ac96b12963042fbb9fb4d16af0", size = 4897 },
]

[[package]]
name = "pytest-mock"
version = "3.12.0"
source = { registry = "https://pypi.org/simple" }
dependencies = [
    { name = "pytest" },
]
sdist = { url = "https://files.pythonhosted.org/packages/b3/96/25588c55fbe330b751bd7c7d723c3544957566bc090f6d506551b514f488/pytest-mock-3.12.0.tar.gz", hash = "sha256:31a40f038c22cad32287bb43932054451ff5583ff094bca6f675df2f8bc1a6e9", size = 32139 }
wheels = [
    { url = "https://files.pythonhosted.org/packages/b9/25/b29fd10dd062cf41e66787a7951b3842881a2a2d7e3a41fcbb58a8466046/pytest_mock-3.12.0-py3-none-any.whl", hash = "sha256:0972719a7263072da3a21c7f4773069bcc7486027d7e8e1f81d98a47e701bc4f", size = 9771 },
]

[[package]]
name = "pytest-xdist"
version = "2.1.0"
source = { registry = "https://pypi.org/simple" }
dependencies = [
    { name = "execnet" },
    { name = "pytest" },
    { name = "pytest-forked" },
]
sdist = { url = "https://files.pythonhosted.org/packages/17/18/bb102b7131f1c08e5d9f0a6a5904e0b4cf02160bdde1645fc386461b5423/pytest-xdist-2.1.0.tar.gz", hash = "sha256:82d938f1a24186520e2d9d3a64ef7d9ac7ecdf1a0659e095d18e596b8cbd0672", size = 66332 }
wheels = [
    { url = "https://files.pythonhosted.org/packages/02/25/85675fd82b6272ed4d87941b826cec68352dd4cdfbe49b5644946dd3da61/pytest_xdist-2.1.0-py3-none-any.whl", hash = "sha256:7c629016b3bb006b88ac68e2b31551e7becf173c76b977768848e2bbed594d90", size = 36805 },
]

[[package]]
name = "snakeviz"
version = "2.1.0"
source = { registry = "https://pypi.org/simple" }
dependencies = [
    { name = "tornado" },
]
sdist = { url = "https://files.pythonhosted.org/packages/27/e6/d6f62415aa03435372b9703d8c3bfd7240f1c3e18ace075a6050c61b6bd7/snakeviz-2.1.0.tar.gz", hash = "sha256:92ad876fb6a201a7e23a6b85ea96d9643a51e285667c253a8653643804f7cb68", size = 181030 }
wheels = [
    { url = "https://files.pythonhosted.org/packages/a2/9a/6c753d20af6f177d3cbdb05a4b2e4419db4ec021c50ba86aa0d13a784a5c/snakeviz-2.1.0-py2.py3-none-any.whl", hash = "sha256:8ce375b18ae4a749516d7e6c6fbbf8be6177c53974f53534d8eadb646cd279b1", size = 282066 },
]

[[package]]
name = "sqlalchemy"
version = "1.3.17"
source = { registry = "https://pypi.org/simple" }
sdist = { url = "https://files.pythonhosted.org/packages/84/f4/5a61726869da51f37f643ea92bfa440e32eb182bdc1a1c7cfc9504930a95/SQLAlchemy-1.3.17.tar.gz", hash = "sha256:156a27548ba4e1fed944ff9fcdc150633e61d350d673ae7baaf6c25c04ac1f71", size = 5979141 }
wheels = [
    { url = "https://files.pythonhosted.org/packages/a4/d0/8ce0ddfe6100a70c912e961027dfd25c0771f7620f4a92dbdd7821a27cd5/SQLAlchemy-1.3.17-cp38-cp38-macosx_10_14_x86_64.whl", hash = "sha256:65eb3b03229f684af0cf0ad3bcc771970c1260a82a791a8d07bffb63d8c95bcc", size = 1194748 },
    { url = "https://files.pythonhosted.org/packages/05/ca/4c3ccb306fdec0e105a84c7d156e5bdd9c86a86923b05fd47877cddc62ed/SQLAlchemy-1.3.17-cp38-cp38-manylinux1_x86_64.whl", hash = "sha256:8a0e0cd21da047ea10267c37caf12add400a92f0620c8bc09e4a6531a765d6d7", size = 1250272 },
    { url = "https://files.pythonhosted.org/packages/51/2e/617f7af4f60beadd56f0fd621e9e3c0026cc553ca18aae45033e3a8c0bb1/SQLAlchemy-1.3.17-cp38-cp38-manylinux2010_x86_64.whl", hash = "sha256:b7878e59ec31f12d54b3797689402ee3b5cfcb5598f2ebf26491732758751908", size = 1250273 },
    { url = "https://files.pythonhosted.org/packages/0a/b1/0a5446f6bce094da282edfa1ab4fbebbcecefc6cb6142483fee2f3b0f853/SQLAlchemy-1.3.17-cp38-cp38-win32.whl", hash = "sha256:ce6c3d18b2a8ce364013d47b9cad71db815df31d55918403f8db7d890c9d07ae", size = 1211255 },
    { url = "https://files.pythonhosted.org/packages/55/44/d8f8ab8e03818fa6141ca33a89475c60cf085a78d047302bd8ac75a76e45/SQLAlchemy-1.3.17-cp38-cp38-win_amd64.whl", hash = "sha256:ed375a79f06cad285166e5be74745df1ed6845c5624aafadec4b7a29c25866ef", size = 1213023 },
]

[[package]]
name = "starlette"
version = "0.13.4"
source = { registry = "https://pypi.org/simple" }
sdist = { url = "https://files.pythonhosted.org/packages/a1/4f/1f9a90f596c4cdfaa7a9ea68dc3e68bc86073f9581acda507a24617780d0/starlette-0.13.4.tar.gz", hash = "sha256:04fe51d86fd9a594d9b71356ed322ccde5c9b448fc716ac74155e5821a922f8d", size = 48831 }
wheels = [
    { url = "https://files.pythonhosted.org/packages/07/b1/2fbaebb345ddf8fc7b477ef32f407d4b461adda57cbff193171b683cbede/starlette-0.13.4-py3-none-any.whl", hash = "sha256:0fb4b38d22945b46acb880fedee7ee143fd6c0542992501be8c45c0ed737dd1a", size = 59537 },
]

[[package]]
name = "toml"
version = "0.10.2"
source = { registry = "https://pypi.org/simple" }
sdist = { url = "https://files.pythonhosted.org/packages/be/ba/1f744cdc819428fc6b5084ec34d9b30660f6f9daaf70eead706e3203ec3c/toml-0.10.2.tar.gz", hash = "sha256:b3bda1d108d5dd99f4a20d24d9c348e91c4db7ab1b749200bded2f839ccbe68f", size = 22253 }
wheels = [
    { url = "https://files.pythonhosted.org/packages/44/6f/7120676b6d73228c96e17f1f794d8ab046fc910d781c8d151120c3f1569e/toml-0.10.2-py2.py3-none-any.whl", hash = "sha256:806143ae5bfb6a3c6e736a764057db0e6a0e05e338b5630894a5f779cabb4f9b", size = 16588 },
]

[[package]]
name = "tornado"
version = "6.4.2"
source = { registry = "https://pypi.org/simple" }
sdist = { url = "https://files.pythonhosted.org/packages/59/45/a0daf161f7d6f36c3ea5fc0c2de619746cc3dd4c76402e9db545bd920f63/tornado-6.4.2.tar.gz", hash = "sha256:92bad5b4746e9879fd7bf1eb21dce4e3fc5128d71601f80005afa39237ad620b", size = 501135 }
wheels = [
    { url = "https://files.pythonhosted.org/packages/26/7e/71f604d8cea1b58f82ba3590290b66da1e72d840aeb37e0d5f7291bd30db/tornado-6.4.2-cp38-abi3-macosx_10_9_universal2.whl", hash = "sha256:e828cce1123e9e44ae2a50a9de3055497ab1d0aeb440c5ac23064d9e44880da1", size = 436299 },
    { url = "https://files.pythonhosted.org/packages/96/44/87543a3b99016d0bf54fdaab30d24bf0af2e848f1d13d34a3a5380aabe16/tornado-6.4.2-cp38-abi3-macosx_10_9_x86_64.whl", hash = "sha256:072ce12ada169c5b00b7d92a99ba089447ccc993ea2143c9ede887e0937aa803", size = 434253 },
    { url = "https://files.pythonhosted.org/packages/cb/fb/fdf679b4ce51bcb7210801ef4f11fdac96e9885daa402861751353beea6e/tornado-6.4.2-cp38-abi3-manylinux_2_17_aarch64.manylinux2014_aarch64.whl", hash = "sha256:1a017d239bd1bb0919f72af256a970624241f070496635784d9bf0db640d3fec", size = 437602 },
    { url = "https://files.pythonhosted.org/packages/4f/3b/e31aeffffc22b475a64dbeb273026a21b5b566f74dee48742817626c47dc/tornado-6.4.2-cp38-abi3-manylinux_2_5_i686.manylinux1_i686.manylinux_2_17_i686.manylinux2014_i686.whl", hash = "sha256:c36e62ce8f63409301537222faffcef7dfc5284f27eec227389f2ad11b09d946", size = 436972 },
    { url = "https://files.pythonhosted.org/packages/22/55/b78a464de78051a30599ceb6983b01d8f732e6f69bf37b4ed07f642ac0fc/tornado-6.4.2-cp38-abi3-manylinux_2_5_x86_64.manylinux1_x86_64.manylinux_2_17_x86_64.manylinux2014_x86_64.whl", hash = "sha256:bca9eb02196e789c9cb5c3c7c0f04fb447dc2adffd95265b2c7223a8a615ccbf", size = 437173 },
    { url = "https://files.pythonhosted.org/packages/79/5e/be4fb0d1684eb822c9a62fb18a3e44a06188f78aa466b2ad991d2ee31104/tornado-6.4.2-cp38-abi3-musllinux_1_2_aarch64.whl", hash = "sha256:304463bd0772442ff4d0f5149c6f1c2135a1fae045adf070821c6cdc76980634", size = 437892 },
    { url = "https://files.pythonhosted.org/packages/f5/33/4f91fdd94ea36e1d796147003b490fe60a0215ac5737b6f9c65e160d4fe0/tornado-6.4.2-cp38-abi3-musllinux_1_2_i686.whl", hash = "sha256:c82c46813ba483a385ab2a99caeaedf92585a1f90defb5693351fa7e4ea0bf73", size = 437334 },
    { url = "https://files.pythonhosted.org/packages/2b/ae/c1b22d4524b0e10da2f29a176fb2890386f7bd1f63aacf186444873a88a0/tornado-6.4.2-cp38-abi3-musllinux_1_2_x86_64.whl", hash = "sha256:932d195ca9015956fa502c6b56af9eb06106140d844a335590c1ec7f5277d10c", size = 437261 },
    { url = "https://files.pythonhosted.org/packages/b5/25/36dbd49ab6d179bcfc4c6c093a51795a4f3bed380543a8242ac3517a1751/tornado-6.4.2-cp38-abi3-win32.whl", hash = "sha256:2876cef82e6c5978fde1e0d5b1f919d756968d5b4282418f3146b79b58556482", size = 438463 },
    { url = "https://files.pythonhosted.org/packages/61/cc/58b1adeb1bb46228442081e746fcdbc4540905c87e8add7c277540934edb/tornado-6.4.2-cp38-abi3-win_amd64.whl", hash = "sha256:908b71bf3ff37d81073356a5fadcc660eb10c1476ee6e2725588626ce7e5ca38", size = 438907 },
]

[[package]]
name = "typing-extensions"
version = "3.7.4.2"
source = { registry = "https://pypi.org/simple" }
sdist = { url = "https://files.pythonhosted.org/packages/6a/28/d32852f2af6b5ead85d396249d5bdf450833f3a69896d76eb480d9c5e406/typing_extensions-3.7.4.2.tar.gz", hash = "sha256:79ee589a3caca649a9bfd2a8de4709837400dfa00b6cc81962a1e6a1815969ae", size = 38427 }
wheels = [
    { url = "https://files.pythonhosted.org/packages/0c/0e/3f026d0645d699e7320b59952146d56ad7c374e9cd72cd16e7c74e657a0f/typing_extensions-3.7.4.2-py3-none-any.whl", hash = "sha256:6e95524d8a547a91e08f404ae485bbb71962de46967e1b71a0cb89af24e761c5", size = 22089 },
]

[[package]]
name = "uwsgi"
version = "2.0.28"
source = { registry = "https://pypi.org/simple" }
sdist = { url = "https://files.pythonhosted.org/packages/24/c2/d58480aadc9a1f420dd96fc43cf0dcd8cb5ededb95cab53743529c23b6cd/uwsgi-2.0.28.tar.gz", hash = "sha256:79ca1891ef2df14508ab0471ee8c0eb94bd2d51d03f32f90c4bbe557ab1e99d0", size = 816212 }

[[package]]
name = "werkzeug"
version = "1.0.1"
source = { registry = "https://pypi.org/simple" }
sdist = { url = "https://files.pythonhosted.org/packages/10/27/a33329150147594eff0ea4c33c2036c0eadd933141055be0ff911f7f8d04/Werkzeug-1.0.1.tar.gz", hash = "sha256:6c80b1e5ad3665290ea39320b91e1be1e0d5f60652b964a3070216de83d2e47c", size = 904455 }
wheels = [
    { url = "https://files.pythonhosted.org/packages/cc/94/5f7079a0e00bd6863ef8f1da638721e9da21e5bacee597595b318f71d62e/Werkzeug-1.0.1-py2.py3-none-any.whl", hash = "sha256:2de2a5db0baeae7b2d2664949077c2ac63fbd16d98da0ff71837f7d1dea3fd43", size = 298631 },
]

[[package]]
name = "wrapt"
version = "1.12.1"
source = { registry = "https://pypi.org/simple" }
sdist = { url = "https://files.pythonhosted.org/packages/82/f7/e43cefbe88c5fd371f4cf0cf5eb3feccd07515af9fd6cf7dbf1d1793a797/wrapt-1.12.1.tar.gz", hash = "sha256:b62ffa81fb85f4332a4f609cab4ac40709470da05643a082ec1eb88e6d9b97d7", size = 27488 }
