version = 1
requires-python = "==3.11.9"

[[package]]
name = "agora-data"
version = "0.1.0"
source = { editable = "." }
dependencies = [
    { name = "pymongo" },
    { name = "synapseclient" },
]

[package.metadata]
requires-dist = [
    { name = "pymongo", specifier = "==4.7.3" },
    { name = "synapseclient", specifier = "==4.3.0" },
]

[package.metadata.requires-dev]
dev = []
prod = []
test = []

[[package]]
name = "anyio"
version = "4.8.0"
source = { registry = "https://pypi.org/simple" }
dependencies = [
    { name = "idna" },
    { name = "sniffio" },
    { name = "typing-extensions" },
]
sdist = { url = "https://files.pythonhosted.org/packages/a3/73/199a98fc2dae33535d6b8e8e6ec01f8c1d76c9adb096c6b7d64823038cde/anyio-4.8.0.tar.gz", hash = "sha256:1d9fe889df5212298c0c0723fa20479d1b94883a2df44bd3897aa91083316f7a", size = 181126 }
wheels = [
    { url = "https://files.pythonhosted.org/packages/46/eb/e7f063ad1fec6b3178a3cd82d1a3c4de82cccf283fc42746168188e1cdd5/anyio-4.8.0-py3-none-any.whl", hash = "sha256:b5011f270ab5eb0abf13385f851315585cc37ef330dd88e27ec3d34d651fd47a", size = 96041 },
]

[[package]]
name = "async-lru"
version = "2.0.4"
source = { registry = "https://pypi.org/simple" }
sdist = { url = "https://files.pythonhosted.org/packages/80/e2/2b4651eff771f6fd900d233e175ddc5e2be502c7eb62c0c42f975c6d36cd/async-lru-2.0.4.tar.gz", hash = "sha256:b8a59a5df60805ff63220b2a0c5b5393da5521b113cd5465a44eb037d81a5627", size = 10019 }
wheels = [
    { url = "https://files.pythonhosted.org/packages/fa/9f/3c3503693386c4b0f245eaf5ca6198e3b28879ca0a40bde6b0e319793453/async_lru-2.0.4-py3-none-any.whl", hash = "sha256:ff02944ce3c288c5be660c42dbcca0742b32c3b279d6dceda655190240b99224", size = 6111 },
]

[[package]]
name = "asyncio-atexit"
version = "1.0.1"
source = { registry = "https://pypi.org/simple" }
sdist = { url = "https://files.pythonhosted.org/packages/22/d3/dd2974be3f67c7ec96e0d6ab454429d0372cb7c7bffa3d0ac67a483cb801/asyncio-atexit-1.0.1.tar.gz", hash = "sha256:1d0c71544b8ee2c484d322844ee72c0875dde6f250c0ed5b6993592ab9f7d436", size = 4373 }
wheels = [
    { url = "https://files.pythonhosted.org/packages/65/10/d6abaefa57a52646651fd0383c056280b0853c0106229ece6bb38cd14463/asyncio_atexit-1.0.1-py3-none-any.whl", hash = "sha256:d93d5f7d5633a534abd521ce2896ed0fbe8de170bb1e65ec871d1c20eac9d376", size = 3752 },
]

[[package]]
name = "backoff"
version = "2.2.1"
source = { registry = "https://pypi.org/simple" }
sdist = { url = "https://files.pythonhosted.org/packages/47/d7/5bbeb12c44d7c4f2fb5b56abce497eb5ed9f34d85701de869acedd602619/backoff-2.2.1.tar.gz", hash = "sha256:03f829f5bb1923180821643f8753b0502c3b682293992485b0eef2807afa5cba", size = 17001 }
wheels = [
    { url = "https://files.pythonhosted.org/packages/df/73/b6e24bd22e6720ca8ee9a85a0c4a2971af8497d8f3193fa05390cbd46e09/backoff-2.2.1-py3-none-any.whl", hash = "sha256:63579f9a0628e06278f7e47b7d7d5b6ce20dc65c5e96a6f3ca99a6adca0396e8", size = 15148 },
]

[[package]]
name = "certifi"
version = "2025.1.31"
source = { registry = "https://pypi.org/simple" }
sdist = { url = "https://files.pythonhosted.org/packages/1c/ab/c9f1e32b7b1bf505bf26f0ef697775960db7932abeb7b516de930ba2705f/certifi-2025.1.31.tar.gz", hash = "sha256:3d5da6925056f6f18f119200434a4780a94263f10d1c21d032a6f6b2baa20651", size = 167577 }
wheels = [
    { url = "https://files.pythonhosted.org/packages/38/fc/bce832fd4fd99766c04d1ee0eead6b0ec6486fb100ae5e74c1d91292b982/certifi-2025.1.31-py3-none-any.whl", hash = "sha256:ca78db4565a652026a4db2bcdf68f2fb589ea80d0be70e03929ed730746b84fe", size = 166393 },
]

[[package]]
name = "charset-normalizer"
version = "3.4.1"
source = { registry = "https://pypi.org/simple" }
sdist = { url = "https://files.pythonhosted.org/packages/16/b0/572805e227f01586461c80e0fd25d65a2115599cc9dad142fee4b747c357/charset_normalizer-3.4.1.tar.gz", hash = "sha256:44251f18cd68a75b56585dd00dae26183e102cd5e0f9f1466e6df5da2ed64ea3", size = 123188 }
wheels = [
    { url = "https://files.pythonhosted.org/packages/72/80/41ef5d5a7935d2d3a773e3eaebf0a9350542f2cab4eac59a7a4741fbbbbe/charset_normalizer-3.4.1-cp311-cp311-macosx_10_9_universal2.whl", hash = "sha256:8bfa33f4f2672964266e940dd22a195989ba31669bd84629f05fab3ef4e2d125", size = 194995 },
    { url = "https://files.pythonhosted.org/packages/7a/28/0b9fefa7b8b080ec492110af6d88aa3dea91c464b17d53474b6e9ba5d2c5/charset_normalizer-3.4.1-cp311-cp311-manylinux_2_17_aarch64.manylinux2014_aarch64.whl", hash = "sha256:28bf57629c75e810b6ae989f03c0828d64d6b26a5e205535585f96093e405ed1", size = 139471 },
    { url = "https://files.pythonhosted.org/packages/71/64/d24ab1a997efb06402e3fc07317e94da358e2585165930d9d59ad45fcae2/charset_normalizer-3.4.1-cp311-cp311-manylinux_2_17_ppc64le.manylinux2014_ppc64le.whl", hash = "sha256:f08ff5e948271dc7e18a35641d2f11a4cd8dfd5634f55228b691e62b37125eb3", size = 149831 },
    { url = "https://files.pythonhosted.org/packages/37/ed/be39e5258e198655240db5e19e0b11379163ad7070962d6b0c87ed2c4d39/charset_normalizer-3.4.1-cp311-cp311-manylinux_2_17_s390x.manylinux2014_s390x.whl", hash = "sha256:234ac59ea147c59ee4da87a0c0f098e9c8d169f4dc2a159ef720f1a61bbe27cd", size = 142335 },
    { url = "https://files.pythonhosted.org/packages/88/83/489e9504711fa05d8dde1574996408026bdbdbd938f23be67deebb5eca92/charset_normalizer-3.4.1-cp311-cp311-manylinux_2_17_x86_64.manylinux2014_x86_64.whl", hash = "sha256:fd4ec41f914fa74ad1b8304bbc634b3de73d2a0889bd32076342a573e0779e00", size = 143862 },
    { url = "https://files.pythonhosted.org/packages/c6/c7/32da20821cf387b759ad24627a9aca289d2822de929b8a41b6241767b461/charset_normalizer-3.4.1-cp311-cp311-manylinux_2_5_i686.manylinux1_i686.manylinux_2_17_i686.manylinux2014_i686.whl", hash = "sha256:eea6ee1db730b3483adf394ea72f808b6e18cf3cb6454b4d86e04fa8c4327a12", size = 145673 },
    { url = "https://files.pythonhosted.org/packages/68/85/f4288e96039abdd5aeb5c546fa20a37b50da71b5cf01e75e87f16cd43304/charset_normalizer-3.4.1-cp311-cp311-musllinux_1_2_aarch64.whl", hash = "sha256:c96836c97b1238e9c9e3fe90844c947d5afbf4f4c92762679acfe19927d81d77", size = 140211 },
    { url = "https://files.pythonhosted.org/packages/28/a3/a42e70d03cbdabc18997baf4f0227c73591a08041c149e710045c281f97b/charset_normalizer-3.4.1-cp311-cp311-musllinux_1_2_i686.whl", hash = "sha256:4d86f7aff21ee58f26dcf5ae81a9addbd914115cdebcbb2217e4f0ed8982e146", size = 148039 },
    { url = "https://files.pythonhosted.org/packages/85/e4/65699e8ab3014ecbe6f5c71d1a55d810fb716bbfd74f6283d5c2aa87febf/charset_normalizer-3.4.1-cp311-cp311-musllinux_1_2_ppc64le.whl", hash = "sha256:09b5e6733cbd160dcc09589227187e242a30a49ca5cefa5a7edd3f9d19ed53fd", size = 151939 },
    { url = "https://files.pythonhosted.org/packages/b1/82/8e9fe624cc5374193de6860aba3ea8070f584c8565ee77c168ec13274bd2/charset_normalizer-3.4.1-cp311-cp311-musllinux_1_2_s390x.whl", hash = "sha256:5777ee0881f9499ed0f71cc82cf873d9a0ca8af166dfa0af8ec4e675b7df48e6", size = 149075 },
    { url = "https://files.pythonhosted.org/packages/3d/7b/82865ba54c765560c8433f65e8acb9217cb839a9e32b42af4aa8e945870f/charset_normalizer-3.4.1-cp311-cp311-musllinux_1_2_x86_64.whl", hash = "sha256:237bdbe6159cff53b4f24f397d43c6336c6b0b42affbe857970cefbb620911c8", size = 144340 },
    { url = "https://files.pythonhosted.org/packages/b5/b6/9674a4b7d4d99a0d2df9b215da766ee682718f88055751e1e5e753c82db0/charset_normalizer-3.4.1-cp311-cp311-win32.whl", hash = "sha256:8417cb1f36cc0bc7eaba8ccb0e04d55f0ee52df06df3ad55259b9a323555fc8b", size = 95205 },
    { url = "https://files.pythonhosted.org/packages/1e/ab/45b180e175de4402dcf7547e4fb617283bae54ce35c27930a6f35b6bef15/charset_normalizer-3.4.1-cp311-cp311-win_amd64.whl", hash = "sha256:d7f50a1f8c450f3925cb367d011448c39239bb3eb4117c36a6d354794de4ce76", size = 102441 },
    { url = "https://files.pythonhosted.org/packages/0e/f6/65ecc6878a89bb1c23a086ea335ad4bf21a588990c3f535a227b9eea9108/charset_normalizer-3.4.1-py3-none-any.whl", hash = "sha256:d98b1668f06378c6dbefec3b92299716b931cd4e6061f3c875a71ced1780ab85", size = 49767 },
]

[[package]]
name = "cloudpickle"
version = "3.1.1"
source = { registry = "https://pypi.org/simple" }
sdist = { url = "https://files.pythonhosted.org/packages/52/39/069100b84d7418bc358d81669d5748efb14b9cceacd2f9c75f550424132f/cloudpickle-3.1.1.tar.gz", hash = "sha256:b216fa8ae4019d5482a8ac3c95d8f6346115d8835911fd4aefd1a445e4242c64", size = 22113 }
wheels = [
    { url = "https://files.pythonhosted.org/packages/7e/e8/64c37fadfc2816a7701fa8a6ed8d87327c7d54eacfbfb6edab14a2f2be75/cloudpickle-3.1.1-py3-none-any.whl", hash = "sha256:c8c5a44295039331ee9dad40ba100a9c7297b6f988e50e87ccdf3765a668350e", size = 20992 },
]

[[package]]
name = "colorama"
version = "0.4.6"
source = { registry = "https://pypi.org/simple" }
sdist = { url = "https://files.pythonhosted.org/packages/d8/53/6f443c9a4a8358a93a6792e2acffb9d9d5cb0a5cfd8802644b7b1c9a02e4/colorama-0.4.6.tar.gz", hash = "sha256:08695f5cb7ed6e0531a20572697297273c47b8cae5a63ffc6d6ed5c201be6e44", size = 27697 }
wheels = [
    { url = "https://files.pythonhosted.org/packages/d1/d6/3965ed04c63042e047cb6a3e6ed1a63a35087b6a609aa3a15ed8ac56c221/colorama-0.4.6-py2.py3-none-any.whl", hash = "sha256:4f1d9991f5acc0ca119f9d443620b77f9d6b33703e51011c16baf57afb285fc6", size = 25335 },
]

[[package]]
name = "deprecated"
version = "1.2.18"
source = { registry = "https://pypi.org/simple" }
dependencies = [
    { name = "wrapt" },
]
sdist = { url = "https://files.pythonhosted.org/packages/98/97/06afe62762c9a8a86af0cfb7bfdab22a43ad17138b07af5b1a58442690a2/deprecated-1.2.18.tar.gz", hash = "sha256:422b6f6d859da6f2ef57857761bfb392480502a64c3028ca9bbe86085d72115d", size = 2928744 }
wheels = [
    { url = "https://files.pythonhosted.org/packages/6e/c6/ac0b6c1e2d138f1002bcf799d330bd6d85084fece321e662a14223794041/Deprecated-1.2.18-py2.py3-none-any.whl", hash = "sha256:bd5011788200372a32418f888e326a09ff80d0214bd961147cfed01b5c018eec", size = 9998 },
]

[[package]]
name = "dnspython"
version = "2.7.0"
source = { registry = "https://pypi.org/simple" }
sdist = { url = "https://files.pythonhosted.org/packages/b5/4a/263763cb2ba3816dd94b08ad3a33d5fdae34ecb856678773cc40a3605829/dnspython-2.7.0.tar.gz", hash = "sha256:ce9c432eda0dc91cf618a5cedf1a4e142651196bbcd2c80e89ed5a907e5cfaf1", size = 345197 }
wheels = [
    { url = "https://files.pythonhosted.org/packages/68/1b/e0a87d256e40e8c888847551b20a017a6b98139178505dc7ffb96f04e954/dnspython-2.7.0-py3-none-any.whl", hash = "sha256:b4c34b7d10b51bcc3a5071e7b8dee77939f1e878477eeecc965e9835f63c6c86", size = 313632 },
]

[[package]]
name = "googleapis-common-protos"
version = "1.66.0"
source = { registry = "https://pypi.org/simple" }
dependencies = [
    { name = "protobuf" },
]
sdist = { url = "https://files.pythonhosted.org/packages/ff/a7/8e9cccdb1c49870de6faea2a2764fa23f627dd290633103540209f03524c/googleapis_common_protos-1.66.0.tar.gz", hash = "sha256:c3e7b33d15fdca5374cc0a7346dd92ffa847425cc4ea941d970f13680052ec8c", size = 114376 }
wheels = [
    { url = "https://files.pythonhosted.org/packages/a0/0f/c0713fb2b3d28af4b2fded3291df1c4d4f79a00d15c2374a9e010870016c/googleapis_common_protos-1.66.0-py2.py3-none-any.whl", hash = "sha256:d7abcd75fabb2e0ec9f74466401f6c119a0b498e27370e9be4c94cb7e382b8ed", size = 221682 },
]

[[package]]
name = "h11"
version = "0.14.0"
source = { registry = "https://pypi.org/simple" }
sdist = { url = "https://files.pythonhosted.org/packages/f5/38/3af3d3633a34a3316095b39c8e8fb4853a28a536e55d347bd8d8e9a14b03/h11-0.14.0.tar.gz", hash = "sha256:8f19fbbe99e72420ff35c00b27a34cb9937e902a8b810e2c88300c6f0a3b699d", size = 100418 }
wheels = [
    { url = "https://files.pythonhosted.org/packages/95/04/ff642e65ad6b90db43e668d70ffb6736436c7ce41fcc549f4e9472234127/h11-0.14.0-py3-none-any.whl", hash = "sha256:e3fe4ac4b851c468cc8363d500db52c2ead036020723024a109d37346efaa761", size = 58259 },
]

[[package]]
name = "httpcore"
version = "1.0.7"
source = { registry = "https://pypi.org/simple" }
dependencies = [
    { name = "certifi" },
    { name = "h11" },
]
sdist = { url = "https://files.pythonhosted.org/packages/6a/41/d7d0a89eb493922c37d343b607bc1b5da7f5be7e383740b4753ad8943e90/httpcore-1.0.7.tar.gz", hash = "sha256:8551cb62a169ec7162ac7be8d4817d561f60e08eaa485234898414bb5a8a0b4c", size = 85196 }
wheels = [
    { url = "https://files.pythonhosted.org/packages/87/f5/72347bc88306acb359581ac4d52f23c0ef445b57157adedb9aee0cd689d2/httpcore-1.0.7-py3-none-any.whl", hash = "sha256:a3fff8f43dc260d5bd363d9f9cf1830fa3a458b332856f34282de498ed420edd", size = 78551 },
]

[[package]]
name = "httpx"
version = "0.27.2"
source = { registry = "https://pypi.org/simple" }
dependencies = [
    { name = "anyio" },
    { name = "certifi" },
    { name = "httpcore" },
    { name = "idna" },
    { name = "sniffio" },
]
sdist = { url = "https://files.pythonhosted.org/packages/78/82/08f8c936781f67d9e6b9eeb8a0c8b4e406136ea4c3d1f89a5db71d42e0e6/httpx-0.27.2.tar.gz", hash = "sha256:f7c2be1d2f3c3c3160d441802406b206c2b76f5947b11115e6df10c6c65e66c2", size = 144189 }
wheels = [
    { url = "https://files.pythonhosted.org/packages/56/95/9377bcb415797e44274b51d46e3249eba641711cf3348050f76ee7b15ffc/httpx-0.27.2-py3-none-any.whl", hash = "sha256:7bb2708e112d8fdd7829cd4243970f0c223274051cb35ee80c03301ee29a3df0", size = 76395 },
]

[[package]]
name = "idna"
version = "3.10"
source = { registry = "https://pypi.org/simple" }
sdist = { url = "https://files.pythonhosted.org/packages/f1/70/7703c29685631f5a7590aa73f1f1d3fa9a380e654b86af429e0934a32f7d/idna-3.10.tar.gz", hash = "sha256:12f65c9b470abda6dc35cf8e63cc574b1c52b11df2c86030af0ac09b01b13ea9", size = 190490 }
wheels = [
    { url = "https://files.pythonhosted.org/packages/76/c6/c88e154df9c4e1a2a66ccf0005a88dfb2650c1dffb6f5ce603dfbd452ce3/idna-3.10-py3-none-any.whl", hash = "sha256:946d195a0d259cbba61165e88e65941f16e9b36ea6ddb97f00452bae8b1287d3", size = 70442 },
]

[[package]]
name = "importlib-metadata"
version = "6.11.0"
source = { registry = "https://pypi.org/simple" }
dependencies = [
    { name = "zipp" },
]
sdist = { url = "https://files.pythonhosted.org/packages/ee/eb/58c2ab27ee628ad801f56d4017fe62afab0293116f6d0b08f1d5bd46e06f/importlib_metadata-6.11.0.tar.gz", hash = "sha256:1231cf92d825c9e03cfc4da076a16de6422c863558229ea0b22b675657463443", size = 54593 }
wheels = [
    { url = "https://files.pythonhosted.org/packages/59/9b/ecce94952ab5ea74c31dcf9ccf78ccd484eebebef06019bf8cb579ab4519/importlib_metadata-6.11.0-py3-none-any.whl", hash = "sha256:f0afba6205ad8f8947c7d338b5342d5db2afbfd82f9cbef7879a9539cc12eb9b", size = 23427 },
]

[[package]]
name = "loky"
version = "3.0.0"
source = { registry = "https://pypi.org/simple" }
dependencies = [
    { name = "cloudpickle" },
]
sdist = { url = "https://files.pythonhosted.org/packages/2a/83/fd57bc6b51d7cb81cc21f8f6cde5174b9436d42d53b2cfb8993d4e006faf/loky-3.0.0.tar.gz", hash = "sha256:fd8750b24b283a579bafaf0631d114aa4487c682aef6fce01fa3635336297fdf", size = 108021 }
wheels = [
    { url = "https://files.pythonhosted.org/packages/db/73/13772f1402197d40b69884af8607d913b73b5b90bda6e634c9319007ed59/loky-3.0.0-py2.py3-none-any.whl", hash = "sha256:1d5a4d778c7ff09c919aa3fbf2d879a2c7ac936a545c615af40e080a1c902b82", size = 69209 },
]

[[package]]
name = "nest-asyncio"
version = "1.6.0"
source = { registry = "https://pypi.org/simple" }
sdist = { url = "https://files.pythonhosted.org/packages/83/f8/51569ac65d696c8ecbee95938f89d4abf00f47d58d48f6fbabfe8f0baefe/nest_asyncio-1.6.0.tar.gz", hash = "sha256:6f172d5449aca15afd6c646851f4e31e02c598d553a667e38cafa997cfec55fe", size = 7418 }
wheels = [
    { url = "https://files.pythonhosted.org/packages/a0/c4/c2971a3ba4c6103a3d10c4b0f24f461ddc027f0f09763220cf35ca1401b3/nest_asyncio-1.6.0-py3-none-any.whl", hash = "sha256:87af6efd6b5e897c81050477ef65c62e2b2f35d51703cae01aff2905b1852e1c", size = 5195 },
]

[[package]]
name = "opentelemetry-api"
version = "1.21.0"
source = { registry = "https://pypi.org/simple" }
dependencies = [
    { name = "deprecated" },
    { name = "importlib-metadata" },
]
sdist = { url = "https://files.pythonhosted.org/packages/4d/aa/1a10f310275fdd05a1062d4a8a641a5f041db2377956a80ff3c4dc325a6c/opentelemetry_api-1.21.0.tar.gz", hash = "sha256:d6185fd5043e000075d921822fd2d26b953eba8ca21b1e2fa360dd46a7686316", size = 56674 }
wheels = [
    { url = "https://files.pythonhosted.org/packages/51/3a/945e6c21f405ac4ea526f91ee09cc1568c04e0c95d3392903e6984c8f0e0/opentelemetry_api-1.21.0-py3-none-any.whl", hash = "sha256:4bb86b28627b7e41098f0e93280fe4892a1abed1b79a19aec6f928f39b17dffb", size = 57947 },
]

[[package]]
name = "opentelemetry-exporter-otlp-proto-common"
version = "1.21.0"
source = { registry = "https://pypi.org/simple" }
dependencies = [
    { name = "backoff" },
    { name = "opentelemetry-proto" },
]
sdist = { url = "https://files.pythonhosted.org/packages/e4/2c/bff2b288a374e744872ce22c9e46761296a41fb519e22df8442908f20803/opentelemetry_exporter_otlp_proto_common-1.21.0.tar.gz", hash = "sha256:61db274d8a68d636fb2ec2a0f281922949361cdd8236e25ff5539edf942b3226", size = 16331 }
wheels = [
    { url = "https://files.pythonhosted.org/packages/2a/60/ec618caf8fd8a4ac50500565eb49038ec42b7b168df9a316494085a740a6/opentelemetry_exporter_otlp_proto_common-1.21.0-py3-none-any.whl", hash = "sha256:97b1022b38270ec65d11fbfa348e0cd49d12006485c2321ea3b1b7037d42b6ec", size = 17251 },
]

[[package]]
name = "opentelemetry-exporter-otlp-proto-http"
version = "1.21.0"
source = { registry = "https://pypi.org/simple" }
dependencies = [
    { name = "backoff" },
    { name = "deprecated" },
    { name = "googleapis-common-protos" },
    { name = "opentelemetry-api" },
    { name = "opentelemetry-exporter-otlp-proto-common" },
    { name = "opentelemetry-proto" },
    { name = "opentelemetry-sdk" },
    { name = "requests" },
]
sdist = { url = "https://files.pythonhosted.org/packages/83/b6/262e29000e4a07842837869047a556b417f03510f601a882ef70fafd7e19/opentelemetry_exporter_otlp_proto_http-1.21.0.tar.gz", hash = "sha256:19d60afa4ae8597f7ef61ad75c8b6c6b7ef8cb73a33fb4aed4dbc86d5c8d3301", size = 13962 }
wheels = [
    { url = "https://files.pythonhosted.org/packages/67/da/29d9d63c33a287efb8fb2e396bcd67f3d69c4534752b1b03050ecfcd7574/opentelemetry_exporter_otlp_proto_http-1.21.0-py3-none-any.whl", hash = "sha256:56837773de6fb2714c01fc4895caebe876f6397bbc4d16afddf89e1299a55ee2", size = 16850 },
]

[[package]]
name = "opentelemetry-proto"
version = "1.21.0"
source = { registry = "https://pypi.org/simple" }
dependencies = [
    { name = "protobuf" },
]
sdist = { url = "https://files.pythonhosted.org/packages/f2/cb/78a84826b76d57a8359ac688238bc762041346d2f6a50b4396450ee748f6/opentelemetry_proto-1.21.0.tar.gz", hash = "sha256:7d5172c29ed1b525b5ecf4ebe758c7138a9224441b3cfe683d0a237c33b1941f", size = 33421 }
wheels = [
    { url = "https://files.pythonhosted.org/packages/69/c2/d11b5fbf95adf68440ff4c953e2d8d027c9c62ece79b78372af95af590c9/opentelemetry_proto-1.21.0-py3-none-any.whl", hash = "sha256:32fc4248e83eebd80994e13963e683f25f3b443226336bb12b5b6d53638f50ba", size = 50779 },
]

[[package]]
name = "opentelemetry-sdk"
version = "1.21.0"
source = { registry = "https://pypi.org/simple" }
dependencies = [
    { name = "opentelemetry-api" },
    { name = "opentelemetry-semantic-conventions" },
    { name = "typing-extensions" },
]
sdist = { url = "https://files.pythonhosted.org/packages/52/38/8edd2d4113705ae7cd877f2c52a98a5b1f385b4f187ba2e48cf2cb4624a7/opentelemetry_sdk-1.21.0.tar.gz", hash = "sha256:3ec8cd3020328d6bc5c9991ccaf9ae820ccb6395a5648d9a95d3ec88275b8879", size = 136033 }
wheels = [
    { url = "https://files.pythonhosted.org/packages/c3/08/ca8b1ef7a2fa3f1ea2f12770eca8976098066adb442b1da81fea3b370123/opentelemetry_sdk-1.21.0-py3-none-any.whl", hash = "sha256:9fe633243a8c655fedace3a0b89ccdfc654c0290ea2d8e839bd5db3131186f73", size = 105313 },
]

[[package]]
name = "opentelemetry-semantic-conventions"
version = "0.42b0"
source = { registry = "https://pypi.org/simple" }
sdist = { url = "https://files.pythonhosted.org/packages/a1/83/5b5bfd2d41227274f22f4552832e56af02171423f597a0358d2174736492/opentelemetry_semantic_conventions-0.42b0.tar.gz", hash = "sha256:44ae67a0a3252a05072877857e5cc1242c98d4cf12870159f1a94bec800d38ec", size = 34347 }
wheels = [
    { url = "https://files.pythonhosted.org/packages/c3/0c/4c99cbe85b65fbba5a638cb7d913cb3acead3d83b4c47763be28d418bb95/opentelemetry_semantic_conventions-0.42b0-py3-none-any.whl", hash = "sha256:5cd719cbfec448af658860796c5d0fcea2fdf0945a2bed2363f42cb1ee39f526", size = 36838 },
]

[[package]]
name = "protobuf"
version = "4.25.6"
source = { registry = "https://pypi.org/simple" }
sdist = { url = "https://files.pythonhosted.org/packages/48/d5/cccc7e82bbda9909ced3e7a441a24205ea07fea4ce23a772743c0c7611fa/protobuf-4.25.6.tar.gz", hash = "sha256:f8cfbae7c5afd0d0eaccbe73267339bff605a2315860bb1ba08eb66670a9a91f", size = 380631 }
wheels = [
    { url = "https://files.pythonhosted.org/packages/42/41/0ff3559d9a0fbdb37c9452f2b84e61f7784d8d7b9850182c7ef493f523ee/protobuf-4.25.6-cp310-abi3-win32.whl", hash = "sha256:61df6b5786e2b49fc0055f636c1e8f0aff263808bb724b95b164685ac1bcc13a", size = 392454 },
    { url = "https://files.pythonhosted.org/packages/79/84/c700d6c3f3be770495b08a1c035e330497a31420e4a39a24c22c02cefc6c/protobuf-4.25.6-cp310-abi3-win_amd64.whl", hash = "sha256:b8f837bfb77513fe0e2f263250f423217a173b6d85135be4d81e96a4653bcd3c", size = 413443 },
    { url = "https://files.pythonhosted.org/packages/b7/03/361e87cc824452376c2abcef0eabd18da78a7439479ec6541cf29076a4dc/protobuf-4.25.6-cp37-abi3-macosx_10_9_universal2.whl", hash = "sha256:6d4381f2417606d7e01750e2729fe6fbcda3f9883aa0c32b51d23012bded6c91", size = 394246 },
    { url = "https://files.pythonhosted.org/packages/64/d5/7dbeb69b74fa88f297c6d8f11b7c9cef0c2e2fb1fdf155c2ca5775cfa998/protobuf-4.25.6-cp37-abi3-manylinux2014_aarch64.whl", hash = "sha256:5dd800da412ba7f6f26d2c08868a5023ce624e1fdb28bccca2dc957191e81fb5", size = 293714 },
    { url = "https://files.pythonhosted.org/packages/d4/f0/6d5c100f6b18d973e86646aa5fc09bc12ee88a28684a56fd95511bceee68/protobuf-4.25.6-cp37-abi3-manylinux2014_x86_64.whl", hash = "sha256:4434ff8bb5576f9e0c78f47c41cdf3a152c0b44de475784cd3fd170aef16205a", size = 294634 },
    { url = "https://files.pythonhosted.org/packages/71/eb/be11a1244d0e58ee04c17a1f939b100199063e26ecca8262c04827fe0bf5/protobuf-4.25.6-py3-none-any.whl", hash = "sha256:07972021c8e30b870cfc0863409d033af940213e0e7f64e27fe017b929d2c9f7", size = 156466 },
]

[[package]]
name = "psutil"
version = "5.9.8"
source = { registry = "https://pypi.org/simple" }
sdist = { url = "https://files.pythonhosted.org/packages/90/c7/6dc0a455d111f68ee43f27793971cf03fe29b6ef972042549db29eec39a2/psutil-5.9.8.tar.gz", hash = "sha256:6be126e3225486dff286a8fb9a06246a5253f4c7c53b475ea5f5ac934e64194c", size = 503247 }
wheels = [
    { url = "https://files.pythonhosted.org/packages/e7/e3/07ae864a636d70a8a6f58da27cb1179192f1140d5d1da10886ade9405797/psutil-5.9.8-cp36-abi3-macosx_10_9_x86_64.whl", hash = "sha256:aee678c8720623dc456fa20659af736241f575d79429a0e5e9cf88ae0605cc81", size = 248702 },
    { url = "https://files.pythonhosted.org/packages/b3/bd/28c5f553667116b2598b9cc55908ec435cb7f77a34f2bff3e3ca765b0f78/psutil-5.9.8-cp36-abi3-manylinux_2_12_i686.manylinux2010_i686.manylinux_2_17_i686.manylinux2014_i686.whl", hash = "sha256:8cb6403ce6d8e047495a701dc7c5bd788add903f8986d523e3e20b98b733e421", size = 285242 },
    { url = "https://files.pythonhosted.org/packages/c5/4f/0e22aaa246f96d6ac87fe5ebb9c5a693fbe8877f537a1022527c47ca43c5/psutil-5.9.8-cp36-abi3-manylinux_2_12_x86_64.manylinux2010_x86_64.manylinux_2_17_x86_64.manylinux2014_x86_64.whl", hash = "sha256:d06016f7f8625a1825ba3732081d77c94589dca78b7a3fc072194851e88461a4", size = 288191 },
    { url = "https://files.pythonhosted.org/packages/6e/f5/2aa3a4acdc1e5940b59d421742356f133185667dd190b166dbcfcf5d7b43/psutil-5.9.8-cp37-abi3-win32.whl", hash = "sha256:bc56c2a1b0d15aa3eaa5a60c9f3f8e3e565303b465dbf57a1b730e7a2b9844e0", size = 251252 },
    { url = "https://files.pythonhosted.org/packages/93/52/3e39d26feae7df0aa0fd510b14012c3678b36ed068f7d78b8d8784d61f0e/psutil-5.9.8-cp37-abi3-win_amd64.whl", hash = "sha256:8db4c1b57507eef143a15a6884ca10f7c73876cdf5d51e713151c1236a0e68cf", size = 255090 },
    { url = "https://files.pythonhosted.org/packages/05/33/2d74d588408caedd065c2497bdb5ef83ce6082db01289a1e1147f6639802/psutil-5.9.8-cp38-abi3-macosx_11_0_arm64.whl", hash = "sha256:d16bbddf0693323b8c6123dd804100241da461e41d6e332fb0ba6058f630f8c8", size = 249898 },
]

[[package]]
name = "pymongo"
version = "4.7.3"
source = { registry = "https://pypi.org/simple" }
dependencies = [
    { name = "dnspython" },
]
sdist = { url = "https://files.pythonhosted.org/packages/82/48/22ac52590af5f4b5c7c1da0b7d10d68722f65978592f54eb12b781cdd52b/pymongo-4.7.3.tar.gz", hash = "sha256:6354a66b228f2cd399be7429685fb68e07f19110a3679782ecb4fdb68da03831", size = 1482944 }
wheels = [
    { url = "https://files.pythonhosted.org/packages/f1/ce/5ecd0599751a9a9db52bb6af98bd8f9272a4e9ea3139619f0fb416b0ff5e/pymongo-4.7.3-cp311-cp311-macosx_10_9_x86_64.whl", hash = "sha256:79cc6459209e885ba097779eaa0fe7f2fa049db39ab43b1731cf8d065a4650e8", size = 485327 },
    { url = "https://files.pythonhosted.org/packages/ce/f2/259fb22d82f2fb18a45ec065026f565c1b5ff325c5afe7b516a9bb2805b8/pymongo-4.7.3-cp311-cp311-macosx_11_0_arm64.whl", hash = "sha256:6e2287f1e2cc35e73cd74a4867e398a97962c5578a3991c730ef78d276ca8e46", size = 485480 },
    { url = "https://files.pythonhosted.org/packages/30/1d/f3193c511907cc53915a30d81082413e5eef735cab57981dd82882983530/pymongo-4.7.3-cp311-cp311-manylinux_2_17_aarch64.manylinux2014_aarch64.whl", hash = "sha256:413506bd48d8c31ee100645192171e4773550d7cb940b594d5175ac29e329ea1", size = 672106 },
    { url = "https://files.pythonhosted.org/packages/23/a3/9aa2354b20cb012ab72a133cd43c46731580817a5a90f03aca32b2d6f144/pymongo-4.7.3-cp311-cp311-manylinux_2_17_ppc64le.manylinux2014_ppc64le.whl", hash = "sha256:1cc1febf17646d52b7561caa762f60bdfe2cbdf3f3e70772f62eb624269f9c05", size = 684718 },
    { url = "https://files.pythonhosted.org/packages/5b/56/17eb85c56a583b2406cf48a96812574d36c97d196261cbb00cfc99d23568/pymongo-4.7.3-cp311-cp311-manylinux_2_17_s390x.manylinux2014_s390x.whl", hash = "sha256:8dfcf18a49955d50a16c92b39230bd0668ffc9c164ccdfe9d28805182b48fa72", size = 677788 },
    { url = "https://files.pythonhosted.org/packages/fd/9b/5d41cb611c3b6363e385dc9553831a3634bf76f6f9846764816d244b255c/pymongo-4.7.3-cp311-cp311-manylinux_2_17_x86_64.manylinux2014_x86_64.whl", hash = "sha256:89872041196c008caddf905eb59d3dc2d292ae6b0282f1138418e76f3abd3ad6", size = 671184 },
    { url = "https://files.pythonhosted.org/packages/87/bc/a680c065c9d3c7e053a446729b93eafb1c9fbd4613f50f93eb566d6b58e4/pymongo-4.7.3-cp311-cp311-manylinux_2_5_i686.manylinux1_i686.manylinux_2_17_i686.manylinux2014_i686.whl", hash = "sha256:d3ed97b89de62ea927b672ad524de0d23f3a6b4a01c8d10e3d224abec973fbc3", size = 661677 },
    { url = "https://files.pythonhosted.org/packages/0a/c5/34788dc24c10ce0cb3587b782f11501f58bd699528cd68674fa319f222f6/pymongo-4.7.3-cp311-cp311-win32.whl", hash = "sha256:d2f52b38151e946011d888a8441d3d75715c663fc5b41a7ade595e924e12a90a", size = 478840 },
    { url = "https://files.pythonhosted.org/packages/d8/ff/7b7e9afdca4dd46ef0fba00d023daab442144c1ed63c068ccb9e04738727/pymongo-4.7.3-cp311-cp311-win_amd64.whl", hash = "sha256:4a4cc91c28e81c0ce03d3c278e399311b0af44665668a91828aec16527082676", size = 483762 },
]

[[package]]
name = "requests"
version = "2.32.3"
source = { registry = "https://pypi.org/simple" }
dependencies = [
    { name = "certifi" },
    { name = "charset-normalizer" },
    { name = "idna" },
    { name = "urllib3" },
]
sdist = { url = "https://files.pythonhosted.org/packages/63/70/2bf7780ad2d390a8d301ad0b550f1581eadbd9a20f896afe06353c2a2913/requests-2.32.3.tar.gz", hash = "sha256:55365417734eb18255590a9ff9eb97e9e1da868d4ccd6402399eaf68af20a760", size = 131218 }
wheels = [
    { url = "https://files.pythonhosted.org/packages/f9/9b/335f9764261e915ed497fcdeb11df5dfd6f7bf257d4a6a2a686d80da4d54/requests-2.32.3-py3-none-any.whl", hash = "sha256:70761cfe03c773ceb22aa2f671b4757976145175cdfca038c02654d061d6dcc6", size = 64928 },
]

[[package]]
name = "sniffio"
version = "1.3.1"
source = { registry = "https://pypi.org/simple" }
sdist = { url = "https://files.pythonhosted.org/packages/a2/87/a6771e1546d97e7e041b6ae58d80074f81b7d5121207425c964ddf5cfdbd/sniffio-1.3.1.tar.gz", hash = "sha256:f4324edc670a0f49750a81b895f35c3adb843cca46f0530f79fc1babb23789dc", size = 20372 }
wheels = [
    { url = "https://files.pythonhosted.org/packages/e9/44/75a9c9421471a6c4805dbf2356f7c181a29c1879239abab1ea2cc8f38b40/sniffio-1.3.1-py3-none-any.whl", hash = "sha256:2f6da418d1f1e0fddd844478f41680e794e6051915791a034ff65e5f100525a2", size = 10235 },
]

[[package]]
name = "synapseclient"
version = "4.3.0"
source = { registry = "https://pypi.org/simple" }
dependencies = [
    { name = "async-lru" },
    { name = "asyncio-atexit" },
    { name = "deprecated" },
    { name = "httpx" },
    { name = "loky" },
    { name = "nest-asyncio" },
    { name = "opentelemetry-api" },
    { name = "opentelemetry-exporter-otlp-proto-http" },
    { name = "opentelemetry-sdk" },
    { name = "psutil" },
    { name = "requests" },
    { name = "tqdm" },
    { name = "urllib3" },
]
sdist = { url = "https://files.pythonhosted.org/packages/29/e8/87bea30bf8353431ca160acb71d5bed0ef770546d71a80591ee5a3a54bbf/synapseclient-4.3.0.tar.gz", hash = "sha256:a1149a64b3281669d42c69e210677a902478b8f6b302966d518473c7384f6387", size = 288768 }
wheels = [
    { url = "https://files.pythonhosted.org/packages/53/d8/1b8cc249b9b6c7417e385f4f2e7da36b6ca48a174fe3c7e8732fb9a80d6e/synapseclient-4.3.0-py3-none-any.whl", hash = "sha256:5d8107cfff4031a0a46d60a3c9a8120300190fa27df4983d883dc951d8bd885f", size = 330905 },
]

[[package]]
name = "tqdm"
version = "4.67.1"
source = { registry = "https://pypi.org/simple" }
dependencies = [
    { name = "colorama", marker = "sys_platform == 'win32'" },
]
sdist = { url = "https://files.pythonhosted.org/packages/a8/4b/29b4ef32e036bb34e4ab51796dd745cdba7ed47ad142a9f4a1eb8e0c744d/tqdm-4.67.1.tar.gz", hash = "sha256:f8aef9c52c08c13a65f30ea34f4e5aac3fd1a34959879d7e59e63027286627f2", size = 169737 }
wheels = [
    { url = "https://files.pythonhosted.org/packages/d0/30/dc54f88dd4a2b5dc8a0279bdd7270e735851848b762aeb1c1184ed1f6b14/tqdm-4.67.1-py3-none-any.whl", hash = "sha256:26445eca388f82e72884e0d580d5464cd801a3ea01e63e5601bdff9ba6a48de2", size = 78540 },
]

[[package]]
name = "typing-extensions"
version = "4.12.2"
source = { registry = "https://pypi.org/simple" }
sdist = { url = "https://files.pythonhosted.org/packages/df/db/f35a00659bc03fec321ba8bce9420de607a1d37f8342eee1863174c69557/typing_extensions-4.12.2.tar.gz", hash = "sha256:1a7ead55c7e559dd4dee8856e3a88b41225abfe1ce8df57b7c13915fe121ffb8", size = 85321 }
wheels = [
    { url = "https://files.pythonhosted.org/packages/26/9f/ad63fc0248c5379346306f8668cda6e2e2e9c95e01216d2b8ffd9ff037d0/typing_extensions-4.12.2-py3-none-any.whl", hash = "sha256:04e5ca0351e0f3f85c6853954072df659d0d13fac324d0072316b67d7794700d", size = 37438 },
]

[[package]]
name = "urllib3"
version = "1.26.20"
source = { registry = "https://pypi.org/simple" }
sdist = { url = "https://files.pythonhosted.org/packages/e4/e8/6ff5e6bc22095cfc59b6ea711b687e2b7ed4bdb373f7eeec370a97d7392f/urllib3-1.26.20.tar.gz", hash = "sha256:40c2dc0c681e47eb8f90e7e27bf6ff7df2e677421fd46756da1161c39ca70d32", size = 307380 }
wheels = [
    { url = "https://files.pythonhosted.org/packages/33/cf/8435d5a7159e2a9c83a95896ed596f68cf798005fe107cc655b5c5c14704/urllib3-1.26.20-py2.py3-none-any.whl", hash = "sha256:0ed14ccfbf1c30a9072c7ca157e4319b70d65f623e91e7b32fadb2853431016e", size = 144225 },
]

[[package]]
name = "wrapt"
version = "1.17.2"
source = { registry = "https://pypi.org/simple" }
sdist = { url = "https://files.pythonhosted.org/packages/c3/fc/e91cc220803d7bc4db93fb02facd8461c37364151b8494762cc88b0fbcef/wrapt-1.17.2.tar.gz", hash = "sha256:41388e9d4d1522446fe79d3213196bd9e3b301a336965b9e27ca2788ebd122f3", size = 55531 }
wheels = [
    { url = "https://files.pythonhosted.org/packages/cd/f7/a2aab2cbc7a665efab072344a8949a71081eed1d2f451f7f7d2b966594a2/wrapt-1.17.2-cp311-cp311-macosx_10_9_universal2.whl", hash = "sha256:ff04ef6eec3eee8a5efef2401495967a916feaa353643defcc03fc74fe213b58", size = 53308 },
    { url = "https://files.pythonhosted.org/packages/50/ff/149aba8365fdacef52b31a258c4dc1c57c79759c335eff0b3316a2664a64/wrapt-1.17.2-cp311-cp311-macosx_10_9_x86_64.whl", hash = "sha256:4db983e7bca53819efdbd64590ee96c9213894272c776966ca6306b73e4affda", size = 38488 },
    { url = "https://files.pythonhosted.org/packages/65/46/5a917ce85b5c3b490d35c02bf71aedaa9f2f63f2d15d9949cc4ba56e8ba9/wrapt-1.17.2-cp311-cp311-macosx_11_0_arm64.whl", hash = "sha256:9abc77a4ce4c6f2a3168ff34b1da9b0f311a8f1cfd694ec96b0603dff1c79438", size = 38776 },
    { url = "https://files.pythonhosted.org/packages/ca/74/336c918d2915a4943501c77566db41d1bd6e9f4dbc317f356b9a244dfe83/wrapt-1.17.2-cp311-cp311-manylinux_2_17_aarch64.manylinux2014_aarch64.whl", hash = "sha256:0b929ac182f5ace000d459c59c2c9c33047e20e935f8e39371fa6e3b85d56f4a", size = 83776 },
    { url = "https://files.pythonhosted.org/packages/09/99/c0c844a5ccde0fe5761d4305485297f91d67cf2a1a824c5f282e661ec7ff/wrapt-1.17.2-cp311-cp311-manylinux_2_5_i686.manylinux1_i686.manylinux_2_17_i686.manylinux2014_i686.whl", hash = "sha256:f09b286faeff3c750a879d336fb6d8713206fc97af3adc14def0cdd349df6000", size = 75420 },
    { url = "https://files.pythonhosted.org/packages/b4/b0/9fc566b0fe08b282c850063591a756057c3247b2362b9286429ec5bf1721/wrapt-1.17.2-cp311-cp311-manylinux_2_5_x86_64.manylinux1_x86_64.manylinux_2_17_x86_64.manylinux2014_x86_64.whl", hash = "sha256:1a7ed2d9d039bd41e889f6fb9364554052ca21ce823580f6a07c4ec245c1f5d6", size = 83199 },
    { url = "https://files.pythonhosted.org/packages/9d/4b/71996e62d543b0a0bd95dda485219856def3347e3e9380cc0d6cf10cfb2f/wrapt-1.17.2-cp311-cp311-musllinux_1_2_aarch64.whl", hash = "sha256:129a150f5c445165ff941fc02ee27df65940fcb8a22a61828b1853c98763a64b", size = 82307 },
    { url = "https://files.pythonhosted.org/packages/39/35/0282c0d8789c0dc9bcc738911776c762a701f95cfe113fb8f0b40e45c2b9/wrapt-1.17.2-cp311-cp311-musllinux_1_2_i686.whl", hash = "sha256:1fb5699e4464afe5c7e65fa51d4f99e0b2eadcc176e4aa33600a3df7801d6662", size = 75025 },
    { url = "https://files.pythonhosted.org/packages/4f/6d/90c9fd2c3c6fee181feecb620d95105370198b6b98a0770cba090441a828/wrapt-1.17.2-cp311-cp311-musllinux_1_2_x86_64.whl", hash = "sha256:9a2bce789a5ea90e51a02dfcc39e31b7f1e662bc3317979aa7e5538e3a034f72", size = 81879 },
    { url = "https://files.pythonhosted.org/packages/8f/fa/9fb6e594f2ce03ef03eddbdb5f4f90acb1452221a5351116c7c4708ac865/wrapt-1.17.2-cp311-cp311-win32.whl", hash = "sha256:4afd5814270fdf6380616b321fd31435a462019d834f83c8611a0ce7484c7317", size = 36419 },
    { url = "https://files.pythonhosted.org/packages/47/f8/fb1773491a253cbc123c5d5dc15c86041f746ed30416535f2a8df1f4a392/wrapt-1.17.2-cp311-cp311-win_amd64.whl", hash = "sha256:acc130bc0375999da18e3d19e5a86403667ac0c4042a094fefb7eec8ebac7cf3", size = 38773 },
    { url = "https://files.pythonhosted.org/packages/2d/82/f56956041adef78f849db6b289b282e72b55ab8045a75abad81898c28d19/wrapt-1.17.2-py3-none-any.whl", hash = "sha256:b18f2d1533a71f069c7f82d524a52599053d4c7166e9dd374ae2136b7f40f7c8", size = 23594 },
]

[[package]]
name = "zipp"
version = "3.21.0"
source = { registry = "https://pypi.org/simple" }
sdist = { url = "https://files.pythonhosted.org/packages/3f/50/bad581df71744867e9468ebd0bcd6505de3b275e06f202c2cb016e3ff56f/zipp-3.21.0.tar.gz", hash = "sha256:2c9958f6430a2040341a52eb608ed6dd93ef4392e02ffe219417c1b28b5dd1f4", size = 24545 }
wheels = [
    { url = "https://files.pythonhosted.org/packages/b7/1a/7e4798e9339adc931158c9d69ecc34f5e6791489d469f5e50ec15e35f458/zipp-3.21.0-py3-none-any.whl", hash = "sha256:ac1bbe05fd2991f160ebce24ffbac5f6d11d83dc90891255885223d42b3cd931", size = 9630 },
]
