# This file is automatically @generated by Poetry 1.8.3 and should not be changed by hand.

[[package]]
name = "sandbox-py-lib"
version = "1.0.0"
description = "Automatically generated by Nx."
optional = false
python-versions = ">=3.9,<3.11"
files = []
develop = true

[package.source]
type = "directory"
url = "../../../libs/sandbox/py-lib"

[metadata]
lock-version = "2.0"
python-versions = ">=3.9,<3.11"
content-hash = "232bf6308456208057ff357e341c777548d29290111f7fba32f212f5e4729a4e"
