# This file is automatically @generated by Poetry 1.8.3 and should not be changed by hand.

[[package]]
name = "schematic-core"
version = "1.0.0"
description = "Automatically generated by Nx."
optional = false
python-versions = ">=3.9,<3.11"
files = []
develop = true

[package.source]
type = "directory"
url = "../../../libs/schematic/core"

[[package]]
name = "schematiccorev2"
version = "1.0.0"
description = "Automatically generated by Nx."
optional = false
python-versions = ">=3.9,<3.11"
files = []
develop = true

[package.source]
type = "directory"
url = "../../../libs/schematic/core-v2"

[metadata]
lock-version = "2.0"
python-versions = ">=3.9,<3.11"
content-hash = "44e9ee9bebcf220a3724fcb744c1248980f61b5ea72fd61be1798c0ba2bda3b7"
