# This file is automatically @generated by Poetry 1.8.3 and should not be changed by hand.

[[package]]
name = "openchallenges-schematicpy"
version = "1.0.0"
description = "Automatically generated by Nx."
optional = false
python-versions = ">=3.9,<3.11"
files = []
develop = true

[package.source]
type = "directory"
url = "../../../libs/openchallenges/schematicpy"

[metadata]
lock-version = "2.0"
python-versions = ">=3.9,<3.11"
content-hash = "6e65c242f6f988a851fcdb38b6154c3ea50b82b6233ded37439c558c0dd0b005"
